{
  "version": 4,
  "terraform_version": "1.2.4",
  "serial": 82,
  "lineage": "a6b4b1a1-fe3d-1b6f-a1ec-6cf1d893c4fc",
  "outputs": {},
  "resources": [
    {
      "mode": "managed",
      "type": "azurerm_app_service_plan",
      "name": "arun-func-demo-rg",
      "provider": "provider[\"registry.terraform.io/hashicorp/azurerm\"]",
      "instances": [
        {
          "schema_version": 0,
          "attributes": {
            "app_service_environment_id": "",
            "id": "/subscriptions/4ca28a33-5abc-45b9-bc8c-6a99bc61b4fc/resourceGroups/arun-func-demo-rg/providers/Microsoft.Web/serverfarms/arun-func-demo-svc-plan",
            "is_xenon": false,
            "kind": "functionapp",
            "location": "westeurope",
            "maximum_elastic_worker_count": 1,
            "maximum_number_of_workers": 0,
            "name": "arun-func-demo-svc-plan",
            "per_site_scaling": false,
            "reserved": false,
            "resource_group_name": "arun-func-demo-rg",
            "sku": [
              {
                "capacity": 0,
                "size": "Y1",
                "tier": "Dynamic"
              }
            ],
            "tags": null,
            "timeouts": null,
            "zone_redundant": false
          },
          "sensitive_attributes": [],
          "private": "eyJlMmJmYjczMC1lY2FhLTExZTYtOGY4OC0zNDM2M2JjN2M0YzAiOnsiY3JlYXRlIjozNjAwMDAwMDAwMDAwLCJkZWxldGUiOjM2MDAwMDAwMDAwMDAsInJlYWQiOjMwMDAwMDAwMDAwMCwidXBkYXRlIjozNjAwMDAwMDAwMDAwfX0=",
          "dependencies": [
            "azurerm_resource_group.arun-func-demo-rg"
          ]
        }
      ]
    },
    {
      "mode": "managed",
      "type": "azurerm_function_app",
      "name": "arun-func-demo-rg",
      "provider": "provider[\"registry.terraform.io/hashicorp/azurerm\"]",
      "instances": [
        {
          "schema_version": 0,
          "attributes": {
            "app_service_plan_id": "/subscriptions/4ca28a33-5abc-45b9-bc8c-6a99bc61b4fc/resourceGroups/arun-func-demo-rg/providers/Microsoft.Web/serverfarms/arun-func-demo-svc-plan",
            "app_settings": {
              "FUNCTIONS_EXTENSION_VERSION": "~1"
            },
            "auth_settings": [
              {
                "active_directory": [],
                "additional_login_params": {},
                "allowed_external_redirect_urls": [],
                "default_provider": "",
                "enabled": false,
                "facebook": [],
                "google": [],
                "issuer": "",
                "microsoft": [],
                "runtime_version": "",
                "token_refresh_extension_hours": 0,
                "token_store_enabled": false,
                "twitter": [],
                "unauthenticated_client_action": ""
              }
            ],
            "client_cert_mode": "",
            "connection_string": [],
            "custom_domain_verification_id": "A1D26849B4A98E026EA0290A327816D41854F9BA36622CC2DADFA49473435E96",
            "daily_memory_time_quota": 0,
            "default_hostname": "product-details-orchestrator.azurewebsites.net",
            "enable_builtin_logging": true,
            "enabled": true,
            "https_only": false,
            "id": "/subscriptions/4ca28a33-5abc-45b9-bc8c-6a99bc61b4fc/resourceGroups/arun-func-demo-rg/providers/Microsoft.Web/sites/product-details-orchestrator",
            "identity": [],
            "key_vault_reference_identity_id": "SystemAssigned",
            "kind": "functionapp",
            "location": "westeurope",
            "name": "product-details-orchestrator",
            "os_type": "",
            "outbound_ip_addresses": "20.93.198.14,20.93.198.35,20.93.198.45,20.93.198.65,20.93.198.89,20.93.198.97,20.50.2.66",
            "possible_outbound_ip_addresses": "20.93.198.14,20.93.198.35,20.93.198.45,20.93.198.65,20.93.198.89,20.93.198.97,20.93.198.104,20.93.198.121,20.93.198.134,20.93.198.148,20.93.198.191,20.93.198.220,20.93.198.227,20.93.198.247,20.93.199.144,20.93.199.178,20.93.199.184,20.93.199.203,20.93.199.204,20.93.194.95,20.93.196.235,20.93.197.58,20.93.198.29,20.93.197.84,20.93.197.85,20.93.197.168,20.93.197.169,20.93.197.231,20.93.197.240,20.93.197.247,20.50.2.66",
            "resource_group_name": "arun-func-demo-rg",
            "site_config": [
              {
                "always_on": false,
                "app_scale_limit": 200,
                "auto_swap_slot_name": "",
                "cors": [],
                "dotnet_framework_version": "v4.0",
                "elastic_instance_minimum": 0,
                "ftps_state": "AllAllowed",
                "health_check_path": "",
                "http2_enabled": false,
                "ip_restriction": [],
                "java_version": "",
                "linux_fx_version": "",
                "min_tls_version": "1.2",
                "pre_warmed_instance_count": 0,
                "runtime_scale_monitoring_enabled": false,
                "scm_ip_restriction": [],
                "scm_type": "None",
                "scm_use_main_ip_restriction": false,
                "use_32_bit_worker_process": true,
                "vnet_route_all_enabled": false,
                "websockets_enabled": false
              }
            ],
            "site_credential": [
              {
                "password": "1RSwoFxcCvSDdo1disSkStcFZthEt4qciH7crqYKvTYQAle7XW3SwdBmmohB",
                "username": "$product-details-orchestrator"
              }
            ],
            "source_control": [
              {
                "branch": "main",
                "manual_integration": false,
                "repo_url": "",
                "rollback_enabled": false,
                "use_mercurial": false
              }
            ],
            "storage_account_access_key": "+GuD7ub7Ix1eil/UDhYPchlulKpQzGRxdIa2CDBX8K5Mb06+hUAj9rjzW9CZts4OGkJl6QHMxZoy+AStV8G9Ow==",
            "storage_account_name": "arunfuncdemosa",
            "tags": null,
            "timeouts": null,
            "version": "~1"
          },
          "sensitive_attributes": [
            [
              {
                "type": "get_attr",
                "value": "storage_account_access_key"
              }
            ]
          ],
          "private": "eyJlMmJmYjczMC1lY2FhLTExZTYtOGY4OC0zNDM2M2JjN2M0YzAiOnsiY3JlYXRlIjoxODAwMDAwMDAwMDAwLCJkZWxldGUiOjE4MDAwMDAwMDAwMDAsInJlYWQiOjMwMDAwMDAwMDAwMCwidXBkYXRlIjoxODAwMDAwMDAwMDAwfX0=",
          "dependencies": [
            "azurerm_app_service_plan.arun-func-demo-rg",
            "azurerm_resource_group.arun-func-demo-rg",
            "azurerm_storage_account.arun-func-demo-rg"
          ]
        }
      ]
    },
    {
      "mode": "managed",
      "type": "azurerm_resource_group",
      "name": "arun-func-demo-rg",
      "provider": "provider[\"registry.terraform.io/hashicorp/azurerm\"]",
      "instances": [
        {
          "schema_version": 0,
          "attributes": {
            "id": "/subscriptions/4ca28a33-5abc-45b9-bc8c-6a99bc61b4fc/resourceGroups/arun-func-demo-rg",
            "location": "westeurope",
            "name": "arun-func-demo-rg",
            "tags": null,
            "timeouts": null
          },
          "sensitive_attributes": [],
          "private": "eyJlMmJmYjczMC1lY2FhLTExZTYtOGY4OC0zNDM2M2JjN2M0YzAiOnsiY3JlYXRlIjo1NDAwMDAwMDAwMDAwLCJkZWxldGUiOjU0MDAwMDAwMDAwMDAsInJlYWQiOjMwMDAwMDAwMDAwMCwidXBkYXRlIjo1NDAwMDAwMDAwMDAwfX0="
        }
      ]
    },
    {
      "mode": "managed",
      "type": "azurerm_storage_account",
      "name": "arun-func-demo-rg",
      "provider": "provider[\"registry.terraform.io/hashicorp/azurerm\"]",
      "instances": [
        {
          "schema_version": 3,
          "attributes": {
            "access_tier": "Hot",
            "account_kind": "StorageV2",
            "account_replication_type": "LRS",
            "account_tier": "Standard",
            "allow_nested_items_to_be_public": true,
            "azure_files_authentication": [],
            "blob_properties": [
              {
                "change_feed_enabled": false,
                "container_delete_retention_policy": [],
                "cors_rule": [],
                "default_service_version": "",
                "delete_retention_policy": [],
                "last_access_time_enabled": false,
                "versioning_enabled": false
              }
            ],
            "cross_tenant_replication_enabled": true,
            "custom_domain": [],
            "customer_managed_key": [],
            "edge_zone": "",
            "enable_https_traffic_only": true,
            "id": "/subscriptions/4ca28a33-5abc-45b9-bc8c-6a99bc61b4fc/resourceGroups/arun-func-demo-rg/providers/Microsoft.Storage/storageAccounts/arunfuncdemosa",
            "identity": [],
            "infrastructure_encryption_enabled": false,
            "is_hns_enabled": false,
            "large_file_share_enabled": null,
            "location": "westeurope",
            "min_tls_version": "TLS1_2",
            "name": "arunfuncdemosa",
            "network_rules": [
              {
                "bypass": [
                  "AzureServices"
                ],
                "default_action": "Allow",
                "ip_rules": [],
                "private_link_access": [],
                "virtual_network_subnet_ids": []
              }
            ],
            "nfsv3_enabled": false,
            "primary_access_key": "+GuD7ub7Ix1eil/UDhYPchlulKpQzGRxdIa2CDBX8K5Mb06+hUAj9rjzW9CZts4OGkJl6QHMxZoy+AStV8G9Ow==",
            "primary_blob_connection_string": "DefaultEndpointsProtocol=https;BlobEndpoint=https://arunfuncdemosa.blob.core.windows.net/;AccountName=arunfuncdemosa;AccountKey=+GuD7ub7Ix1eil/UDhYPchlulKpQzGRxdIa2CDBX8K5Mb06+hUAj9rjzW9CZts4OGkJl6QHMxZoy+AStV8G9Ow==",
            "primary_blob_endpoint": "https://arunfuncdemosa.blob.core.windows.net/",
            "primary_blob_host": "arunfuncdemosa.blob.core.windows.net",
            "primary_connection_string": "DefaultEndpointsProtocol=https;AccountName=arunfuncdemosa;AccountKey=+GuD7ub7Ix1eil/UDhYPchlulKpQzGRxdIa2CDBX8K5Mb06+hUAj9rjzW9CZts4OGkJl6QHMxZoy+AStV8G9Ow==;EndpointSuffix=core.windows.net",
            "primary_dfs_endpoint": "https://arunfuncdemosa.dfs.core.windows.net/",
            "primary_dfs_host": "arunfuncdemosa.dfs.core.windows.net",
            "primary_file_endpoint": "https://arunfuncdemosa.file.core.windows.net/",
            "primary_file_host": "arunfuncdemosa.file.core.windows.net",
            "primary_location": "westeurope",
            "primary_queue_endpoint": "https://arunfuncdemosa.queue.core.windows.net/",
            "primary_queue_host": "arunfuncdemosa.queue.core.windows.net",
            "primary_table_endpoint": "https://arunfuncdemosa.table.core.windows.net/",
            "primary_table_host": "arunfuncdemosa.table.core.windows.net",
            "primary_web_endpoint": "https://arunfuncdemosa.z6.web.core.windows.net/",
            "primary_web_host": "arunfuncdemosa.z6.web.core.windows.net",
            "queue_encryption_key_type": "Service",
            "queue_properties": [
              {
                "cors_rule": [],
                "hour_metrics": [
                  {
                    "enabled": true,
                    "include_apis": true,
                    "retention_policy_days": 7,
                    "version": "1.0"
                  }
                ],
                "logging": [
                  {
                    "delete": false,
                    "read": false,
                    "retention_policy_days": 0,
                    "version": "1.0",
                    "write": false
                  }
                ],
                "minute_metrics": [
                  {
                    "enabled": false,
                    "include_apis": false,
                    "retention_policy_days": 0,
                    "version": "1.0"
                  }
                ]
              }
            ],
            "resource_group_name": "arun-func-demo-rg",
            "routing": [],
            "secondary_access_key": "40QjLFWDuifsW5W+qLNlDmoGQTrO7aDK5prifjG38ljQUvBJ1QPS325sWRN7qjlITJqZMImly+1G+AStG459Cw==",
            "secondary_blob_connection_string": "",
            "secondary_blob_endpoint": null,
            "secondary_blob_host": null,
            "secondary_connection_string": "DefaultEndpointsProtocol=https;AccountName=arunfuncdemosa;AccountKey=40QjLFWDuifsW5W+qLNlDmoGQTrO7aDK5prifjG38ljQUvBJ1QPS325sWRN7qjlITJqZMImly+1G+AStG459Cw==;EndpointSuffix=core.windows.net",
            "secondary_dfs_endpoint": null,
            "secondary_dfs_host": null,
            "secondary_file_endpoint": null,
            "secondary_file_host": null,
            "secondary_location": "",
            "secondary_queue_endpoint": null,
            "secondary_queue_host": null,
            "secondary_table_endpoint": null,
            "secondary_table_host": null,
            "secondary_web_endpoint": null,
            "secondary_web_host": null,
            "share_properties": [
              {
                "cors_rule": [],
                "retention_policy": [
                  {
                    "days": 7
                  }
                ],
                "smb": []
              }
            ],
            "shared_access_key_enabled": true,
            "static_website": [],
            "table_encryption_key_type": "Service",
            "tags": null,
            "timeouts": null
          },
          "sensitive_attributes": [],
          "private": "eyJlMmJmYjczMC1lY2FhLTExZTYtOGY4OC0zNDM2M2JjN2M0YzAiOnsiY3JlYXRlIjozNjAwMDAwMDAwMDAwLCJkZWxldGUiOjM2MDAwMDAwMDAwMDAsInJlYWQiOjMwMDAwMDAwMDAwMCwidXBkYXRlIjozNjAwMDAwMDAwMDAwfSwic2NoZW1hX3ZlcnNpb24iOiIzIn0=",
          "dependencies": [
            "azurerm_resource_group.arun-func-demo-rg"
          ]
        }
      ]
    },
    {
      "mode": "managed",
      "type": "azurerm_storage_account",
      "name": "arunfuncclientappsa",
      "provider": "provider[\"registry.terraform.io/hashicorp/azurerm\"]",
      "instances": [
        {
          "schema_version": 3,
          "attributes": {
            "access_tier": "Hot",
            "account_kind": "StorageV2",
            "account_replication_type": "LRS",
            "account_tier": "Standard",
            "allow_nested_items_to_be_public": true,
            "azure_files_authentication": [],
            "blob_properties": [
              {
                "change_feed_enabled": false,
                "container_delete_retention_policy": [],
                "cors_rule": [],
                "default_service_version": "",
                "delete_retention_policy": [],
                "last_access_time_enabled": false,
                "versioning_enabled": false
              }
            ],
            "cross_tenant_replication_enabled": true,
            "custom_domain": [],
            "customer_managed_key": [],
            "edge_zone": "",
            "enable_https_traffic_only": true,
            "id": "/subscriptions/4ca28a33-5abc-45b9-bc8c-6a99bc61b4fc/resourceGroups/arun-func-demo-rg/providers/Microsoft.Storage/storageAccounts/arunfuncclientappsa",
            "identity": [],
            "infrastructure_encryption_enabled": false,
            "is_hns_enabled": false,
            "large_file_share_enabled": null,
            "location": "westeurope",
            "min_tls_version": "TLS1_2",
            "name": "arunfuncclientappsa",
            "network_rules": [
              {
                "bypass": [
                  "AzureServices"
                ],
                "default_action": "Allow",
                "ip_rules": [],
                "private_link_access": [],
                "virtual_network_subnet_ids": []
              }
            ],
            "nfsv3_enabled": false,
            "primary_access_key": "pXUPuGzMQKwu0O8PJ8Fb7Ya1Z1LzOEGB1q+4qmt3LKxPh9ittNv6c8G4tGN+vKNv5zm22tl7PoA0+AStMoFkQg==",
            "primary_blob_connection_string": "DefaultEndpointsProtocol=https;BlobEndpoint=https://arunfuncclientappsa.blob.core.windows.net/;AccountName=arunfuncclientappsa;AccountKey=pXUPuGzMQKwu0O8PJ8Fb7Ya1Z1LzOEGB1q+4qmt3LKxPh9ittNv6c8G4tGN+vKNv5zm22tl7PoA0+AStMoFkQg==",
            "primary_blob_endpoint": "https://arunfuncclientappsa.blob.core.windows.net/",
            "primary_blob_host": "arunfuncclientappsa.blob.core.windows.net",
            "primary_connection_string": "DefaultEndpointsProtocol=https;AccountName=arunfuncclientappsa;AccountKey=pXUPuGzMQKwu0O8PJ8Fb7Ya1Z1LzOEGB1q+4qmt3LKxPh9ittNv6c8G4tGN+vKNv5zm22tl7PoA0+AStMoFkQg==;EndpointSuffix=core.windows.net",
            "primary_dfs_endpoint": "https://arunfuncclientappsa.dfs.core.windows.net/",
            "primary_dfs_host": "arunfuncclientappsa.dfs.core.windows.net",
            "primary_file_endpoint": "https://arunfuncclientappsa.file.core.windows.net/",
            "primary_file_host": "arunfuncclientappsa.file.core.windows.net",
            "primary_location": "westeurope",
            "primary_queue_endpoint": "https://arunfuncclientappsa.queue.core.windows.net/",
            "primary_queue_host": "arunfuncclientappsa.queue.core.windows.net",
            "primary_table_endpoint": "https://arunfuncclientappsa.table.core.windows.net/",
            "primary_table_host": "arunfuncclientappsa.table.core.windows.net",
            "primary_web_endpoint": "https://arunfuncclientappsa.z6.web.core.windows.net/",
            "primary_web_host": "arunfuncclientappsa.z6.web.core.windows.net",
            "queue_encryption_key_type": "Service",
            "queue_properties": [
              {
                "cors_rule": [],
                "hour_metrics": [
                  {
                    "enabled": true,
                    "include_apis": true,
                    "retention_policy_days": 7,
                    "version": "1.0"
                  }
                ],
                "logging": [
                  {
                    "delete": false,
                    "read": false,
                    "retention_policy_days": 0,
                    "version": "1.0",
                    "write": false
                  }
                ],
                "minute_metrics": [
                  {
                    "enabled": false,
                    "include_apis": false,
                    "retention_policy_days": 0,
                    "version": "1.0"
                  }
                ]
              }
            ],
            "resource_group_name": "arun-func-demo-rg",
            "routing": [],
            "secondary_access_key": "QPDQFuTk5fzrnBf8tBH0qVudOZM/ztLylDCcQdi9gGvedd27SvNuPAPBTDqs83y1p5uZvDngHnhG+AStViXrFw==",
            "secondary_blob_connection_string": "",
            "secondary_blob_endpoint": null,
            "secondary_blob_host": null,
            "secondary_connection_string": "DefaultEndpointsProtocol=https;AccountName=arunfuncclientappsa;AccountKey=QPDQFuTk5fzrnBf8tBH0qVudOZM/ztLylDCcQdi9gGvedd27SvNuPAPBTDqs83y1p5uZvDngHnhG+AStViXrFw==;EndpointSuffix=core.windows.net",
            "secondary_dfs_endpoint": null,
            "secondary_dfs_host": null,
            "secondary_file_endpoint": null,
            "secondary_file_host": null,
            "secondary_location": "",
            "secondary_queue_endpoint": null,
            "secondary_queue_host": null,
            "secondary_table_endpoint": null,
            "secondary_table_host": null,
            "secondary_web_endpoint": null,
            "secondary_web_host": null,
            "share_properties": [
              {
                "cors_rule": [],
                "retention_policy": [
                  {
                    "days": 7
                  }
                ],
                "smb": []
              }
            ],
            "shared_access_key_enabled": true,
            "static_website": [
              {
                "error_404_document": "",
                "index_document": "index.html"
              }
            ],
            "table_encryption_key_type": "Service",
            "tags": null,
            "timeouts": null
          },
          "sensitive_attributes": [],
          "private": "eyJlMmJmYjczMC1lY2FhLTExZTYtOGY4OC0zNDM2M2JjN2M0YzAiOnsiY3JlYXRlIjozNjAwMDAwMDAwMDAwLCJkZWxldGUiOjM2MDAwMDAwMDAwMDAsInJlYWQiOjMwMDAwMDAwMDAwMCwidXBkYXRlIjozNjAwMDAwMDAwMDAwfSwic2NoZW1hX3ZlcnNpb24iOiIzIn0=",
          "dependencies": [
            "azurerm_resource_group.arun-func-demo-rg"
          ]
        }
      ]
    },
    {
      "mode": "managed",
      "type": "azurerm_storage_blob",
      "name": "arun-func-clientapp-blob",
      "provider": "provider[\"registry.terraform.io/hashicorp/azurerm\"]",
      "instances": [
        {
          "schema_version": 1,
          "attributes": {
            "access_tier": "Hot",
            "cache_control": "",
            "content_md5": "",
            "content_type": "text/html",
            "id": "https://arunfuncclientappsa.blob.core.windows.net/$web/index.html",
            "metadata": {},
            "name": "index.html",
            "parallelism": 8,
            "size": 0,
            "source": null,
            "source_content": "\u003ch1\u003eThis is static content coming from the Terraform\u003c/h1\u003e",
            "source_uri": null,
            "storage_account_name": "arunfuncclientappsa",
            "storage_container_name": "$web",
            "timeouts": null,
            "type": "Block",
            "url": "https://arunfuncclientappsa.blob.core.windows.net/$web/index.html"
          },
          "sensitive_attributes": [],
          "private": "eyJlMmJmYjczMC1lY2FhLTExZTYtOGY4OC0zNDM2M2JjN2M0YzAiOnsiY3JlYXRlIjoxODAwMDAwMDAwMDAwLCJkZWxldGUiOjE4MDAwMDAwMDAwMDAsInJlYWQiOjMwMDAwMDAwMDAwMCwidXBkYXRlIjoxODAwMDAwMDAwMDAwfSwic2NoZW1hX3ZlcnNpb24iOiIxIn0=",
          "dependencies": [
            "azurerm_resource_group.arun-func-demo-rg",
            "azurerm_storage_account.arunfuncclientappsa"
          ]
        }
      ]
    }
  ]
}
