{
  "version": 4,
  "terraform_version": "1.2.4",
  "serial": 27,
  "lineage": "7358a204-ffdb-a07b-9127-df89b1aa801a",
  "outputs": {
    "aks_cluster_id": {
      "value": "/subscriptions/4ca28a33-5abc-45b9-bc8c-6a99bc61b4fc/resourceGroups/aks-fn-rg/providers/Microsoft.ContainerService/managedClusters/aks-fn-rg-cluster",
      "type": "string"
    },
    "aks_cluster_kubernetes_version": {
      "value": "1.23.8",
      "type": "string"
    },
    "aks_cluster_name": {
      "value": "aks-fn-rg-cluster",
      "type": "string"
    },
    "azure_ad_group_id": {
      "value": "69961efc-66be-4f6f-9b2b-7d55f9d91840",
      "type": "string"
    },
    "azure_ad_group_objectid": {
      "value": "69961efc-66be-4f6f-9b2b-7d55f9d91840",
      "type": "string"
    },
    "azurerm_function_app_fn_name": {
      "value": "product-details-orchestrator",
      "type": "string"
    },
    "latest_version": {
      "value": "1.23.8",
      "type": "string"
    },
    "location": {
      "value": "westeurope",
      "type": "string"
    },
    "resource_group_id": {
      "value": "/subscriptions/4ca28a33-5abc-45b9-bc8c-6a99bc61b4fc/resourceGroups/aks-fn-rg",
      "type": "string"
    },
    "resource_group_name": {
      "value": "aks-fn-rg",
      "type": "string"
    },
    "versions": {
      "value": [
        "1.21.9",
        "1.21.14",
        "1.22.6",
        "1.22.11",
        "1.23.5",
        "1.23.8"
      ],
      "type": [
        "list",
        "string"
      ]
    }
  },
  "resources": [
    {
      "mode": "data",
      "type": "azurerm_kubernetes_service_versions",
      "name": "current",
      "provider": "provider[\"registry.terraform.io/hashicorp/azurerm\"]",
      "instances": [
        {
          "schema_version": 0,
          "attributes": {
            "id": "/subscriptions/4ca28a33-5abc-45b9-bc8c-6a99bc61b4fc/providers/Microsoft.ContainerService/locations/westeurope/orchestrators",
            "include_preview": false,
            "latest_version": "1.23.8",
            "location": "westeurope",
            "timeouts": null,
            "version_prefix": null,
            "versions": [
              "1.21.9",
              "1.21.14",
              "1.22.6",
              "1.22.11",
              "1.23.5",
              "1.23.8"
            ]
          },
          "sensitive_attributes": []
        }
      ]
    },
    {
      "mode": "managed",
      "type": "azuread_group",
      "name": "aks_administrators",
      "provider": "provider[\"registry.terraform.io/hashicorp/azuread\"]",
      "instances": [
        {
          "schema_version": 0,
          "attributes": {
            "description": "Azure AKS Kubernetes administrators for the aks-fn-rg-cluster.",
            "display_name": "aks-fn-rg-cluster-administrators",
            "id": "69961efc-66be-4f6f-9b2b-7d55f9d91840",
            "mail_enabled": false,
            "members": [],
            "name": "aks-fn-rg-cluster-administrators",
            "object_id": "69961efc-66be-4f6f-9b2b-7d55f9d91840",
            "owners": [],
            "prevent_duplicate_names": false,
            "security_enabled": true
          },
          "sensitive_attributes": [],
          "private": "bnVsbA==",
          "dependencies": [
            "azurerm_resource_group.aks-fn-rg"
          ]
        }
      ]
    },
    {
      "mode": "managed",
      "type": "azurerm_app_service_plan",
      "name": "aks-fn-rg",
      "provider": "provider[\"registry.terraform.io/hashicorp/azurerm\"]",
      "instances": [
        {
          "schema_version": 0,
          "attributes": {
            "app_service_environment_id": "",
            "id": "/subscriptions/4ca28a33-5abc-45b9-bc8c-6a99bc61b4fc/resourceGroups/aks-fn-rg/providers/Microsoft.Web/serverfarms/aks-fn-svc-plan",
            "is_xenon": false,
            "kind": "functionapp",
            "location": "westeurope",
            "maximum_elastic_worker_count": 1,
            "maximum_number_of_workers": 0,
            "name": "aks-fn-svc-plan",
            "per_site_scaling": false,
            "reserved": false,
            "resource_group_name": "aks-fn-rg",
            "sku": [
              {
                "capacity": 0,
                "size": "Y1",
                "tier": "Dynamic"
              }
            ],
            "tags": {},
            "timeouts": null,
            "zone_redundant": false
          },
          "sensitive_attributes": [],
          "private": "eyJlMmJmYjczMC1lY2FhLTExZTYtOGY4OC0zNDM2M2JjN2M0YzAiOnsiY3JlYXRlIjozNjAwMDAwMDAwMDAwLCJkZWxldGUiOjM2MDAwMDAwMDAwMDAsInJlYWQiOjMwMDAwMDAwMDAwMCwidXBkYXRlIjozNjAwMDAwMDAwMDAwfX0=",
          "dependencies": [
            "azurerm_resource_group.aks-fn-rg"
          ]
        }
      ]
    },
    {
      "mode": "managed",
      "type": "azurerm_function_app",
      "name": "aks-fn-rg",
      "provider": "provider[\"registry.terraform.io/hashicorp/azurerm\"]",
      "instances": [
        {
          "schema_version": 0,
          "attributes": {
            "app_service_plan_id": "/subscriptions/4ca28a33-5abc-45b9-bc8c-6a99bc61b4fc/resourceGroups/aks-fn-rg/providers/Microsoft.Web/serverfarms/aks-fn-svc-plan",
            "app_settings": {
              "FUNCTIONS_EXTENSION_VERSION": "~1"
            },
            "auth_settings": [
              {
                "active_directory": [],
                "additional_login_params": {},
                "allowed_external_redirect_urls": [],
                "default_provider": "",
                "enabled": false,
                "facebook": [],
                "google": [],
                "issuer": "",
                "microsoft": [],
                "runtime_version": "",
                "token_refresh_extension_hours": 0,
                "token_store_enabled": false,
                "twitter": [],
                "unauthenticated_client_action": ""
              }
            ],
            "client_affinity_enabled": false,
            "client_cert_mode": "",
            "connection_string": [],
            "custom_domain_verification_id": "A1D26849B4A98E026EA0290A327816D41854F9BA36622CC2DADFA49473435E96",
            "daily_memory_time_quota": 0,
            "default_hostname": "product-details-orchestrator.azurewebsites.net",
            "enable_builtin_logging": true,
            "enabled": true,
            "https_only": false,
            "id": "/subscriptions/4ca28a33-5abc-45b9-bc8c-6a99bc61b4fc/resourceGroups/aks-fn-rg/providers/Microsoft.Web/sites/product-details-orchestrator",
            "identity": [],
            "key_vault_reference_identity_id": "SystemAssigned",
            "kind": "functionapp",
            "location": "westeurope",
            "name": "product-details-orchestrator",
            "os_type": "",
            "outbound_ip_addresses": "20.56.240.86,20.56.240.98,51.124.13.210,20.56.240.105,20.56.240.116,20.56.240.140,20.105.232.1",
            "possible_outbound_ip_addresses": "20.56.240.86,20.56.240.98,51.124.13.210,20.56.240.105,20.56.240.116,20.56.240.140,20.56.240.142,20.54.180.66,20.56.240.173,20.56.240.187,20.56.240.203,51.137.22.30,20.56.240.206,20.56.240.218,20.56.240.228,20.56.240.237,20.56.240.242,20.56.240.245,20.56.241.5,20.56.241.14,20.56.241.39,20.56.241.46,20.56.241.49,20.56.241.68,20.56.241.72,20.56.241.75,20.56.241.87,20.56.241.98,20.56.241.117,20.56.241.118,20.105.232.1",
            "resource_group_name": "aks-fn-rg",
            "site_config": [
              {
                "always_on": false,
                "app_scale_limit": 200,
                "auto_swap_slot_name": "",
                "cors": [
                  {
                    "allowed_origins": [],
                    "support_credentials": false
                  }
                ],
                "dotnet_framework_version": "v4.0",
                "elastic_instance_minimum": 0,
                "ftps_state": "AllAllowed",
                "health_check_path": "",
                "http2_enabled": false,
                "ip_restriction": [],
                "java_version": "",
                "linux_fx_version": "",
                "min_tls_version": "1.2",
                "pre_warmed_instance_count": 0,
                "runtime_scale_monitoring_enabled": false,
                "scm_ip_restriction": [],
                "scm_type": "None",
                "scm_use_main_ip_restriction": false,
                "use_32_bit_worker_process": true,
                "vnet_route_all_enabled": false,
                "websockets_enabled": false
              }
            ],
            "site_credential": [
              {
                "password": "WC96klncQDDZGleLwLvJijjbev0iyXF1lEEmv2Agvud30glwWxzHqqbKuNXf",
                "username": "$product-details-orchestrator"
              }
            ],
            "source_control": [
              {
                "branch": "master",
                "manual_integration": false,
                "repo_url": "",
                "rollback_enabled": false,
                "use_mercurial": false
              }
            ],
            "storage_account_access_key": "Ck4tkoVHmPIKwPSGklIBjgUqlBAhH7Q489MSr0vijp7mQNrP2tXxvkASyb8vUuXH0QpovM54j7Jz+AStIEeHIw==",
            "storage_account_name": "arunaksfndemofnsa",
            "storage_connection_string": "DefaultEndpointsProtocol=https;AccountName=arunaksfndemofnsa;AccountKey=Ck4tkoVHmPIKwPSGklIBjgUqlBAhH7Q489MSr0vijp7mQNrP2tXxvkASyb8vUuXH0QpovM54j7Jz+AStIEeHIw==;EndpointSuffix=core.windows.net",
            "tags": {},
            "timeouts": null,
            "version": "~1"
          },
          "sensitive_attributes": [
            [
              {
                "type": "get_attr",
                "value": "storage_account_access_key"
              }
            ]
          ],
          "private": "eyJlMmJmYjczMC1lY2FhLTExZTYtOGY4OC0zNDM2M2JjN2M0YzAiOnsiY3JlYXRlIjoxODAwMDAwMDAwMDAwLCJkZWxldGUiOjE4MDAwMDAwMDAwMDAsInJlYWQiOjMwMDAwMDAwMDAwMCwidXBkYXRlIjoxODAwMDAwMDAwMDAwfX0=",
          "dependencies": [
            "azurerm_app_service_plan.aks-fn-rg",
            "azurerm_resource_group.aks-fn-rg",
            "azurerm_storage_account.aks_fn_rg_sa"
          ]
        }
      ]
    },
    {
      "mode": "managed",
      "type": "azurerm_kubernetes_cluster",
      "name": "aks_cluster",
      "provider": "provider[\"registry.terraform.io/hashicorp/azurerm\"]",
      "instances": [
        {
          "schema_version": 2,
          "attributes": {
            "aci_connector_linux": [],
            "addon_profile": [
              {
                "aci_connector_linux": [],
                "azure_keyvault_secrets_provider": [],
                "azure_policy": [
                  {
                    "enabled": true
                  }
                ],
                "http_application_routing": [],
                "ingress_application_gateway": [],
                "kube_dashboard": [],
                "oms_agent": [
                  {
                    "enabled": true,
                    "log_analytics_workspace_id": "/subscriptions/4ca28a33-5abc-45b9-bc8c-6a99bc61b4fc/resourceGroups/aks-fn-rg/providers/Microsoft.OperationalInsights/workspaces/arun-aks-fn-demo-logs-insight",
                    "oms_agent_identity": [
                      {
                        "client_id": "4b9ff82b-9c3e-4cae-9cfb-e1d0710ebf99",
                        "object_id": "85bf3fee-a582-4a20-a334-1ab225ff97fa",
                        "user_assigned_identity_id": "/subscriptions/4ca28a33-5abc-45b9-bc8c-6a99bc61b4fc/resourcegroups/aks-fn-rg-nrg/providers/Microsoft.ManagedIdentity/userAssignedIdentities/omsagent-aks-fn-rg-cluster"
                      }
                    ]
                  }
                ],
                "open_service_mesh": []
              }
            ],
            "api_server_authorized_ip_ranges": null,
            "auto_scaler_profile": [
              {
                "balance_similar_node_groups": false,
                "empty_bulk_delete_max": "10",
                "expander": "random",
                "max_graceful_termination_sec": "600",
                "max_node_provisioning_time": "15m",
                "max_unready_nodes": 3,
                "max_unready_percentage": 45,
                "new_pod_scale_up_delay": "0s",
                "scale_down_delay_after_add": "10m",
                "scale_down_delay_after_delete": "10s",
                "scale_down_delay_after_failure": "3m",
                "scale_down_unneeded": "10m",
                "scale_down_unready": "20m",
                "scale_down_utilization_threshold": "0.5",
                "scan_interval": "10s",
                "skip_nodes_with_local_storage": false,
                "skip_nodes_with_system_pods": true
              }
            ],
            "automatic_channel_upgrade": "",
            "azure_active_directory_role_based_access_control": [
              {
                "admin_group_object_ids": [
                  "69961efc-66be-4f6f-9b2b-7d55f9d91840"
                ],
                "azure_rbac_enabled": false,
                "client_app_id": "",
                "managed": true,
                "server_app_id": "",
                "server_app_secret": "",
                "tenant_id": "f23347b4-a5b1-471b-9ec3-7f005401ea81"
              }
            ],
            "azure_policy_enabled": true,
            "default_node_pool": [
              {
                "availability_zones": [
                  "1",
                  "2",
                  "3"
                ],
                "enable_auto_scaling": true,
                "enable_host_encryption": false,
                "enable_node_public_ip": false,
                "fips_enabled": false,
                "kubelet_config": [],
                "kubelet_disk_type": "OS",
                "linux_os_config": [],
                "max_count": 3,
                "max_pods": 30,
                "min_count": 1,
                "name": "systempool",
                "node_count": 1,
                "node_labels": {
                  "app": "system-apps",
                  "environment": "dev",
                  "nodepool-type": "system",
                  "nodepoolos": "linux"
                },
                "node_public_ip_prefix_id": "",
                "node_taints": null,
                "only_critical_addons_enabled": false,
                "orchestrator_version": "1.23.8",
                "os_disk_size_gb": 30,
                "os_disk_type": "Managed",
                "os_sku": "Ubuntu",
                "pod_subnet_id": "",
                "proximity_placement_group_id": "",
                "tags": {
                  "app": "system-apps",
                  "environment": "dev",
                  "nodepool-type": "system",
                  "nodepoolos": "linux"
                },
                "type": "VirtualMachineScaleSets",
                "ultra_ssd_enabled": false,
                "upgrade_settings": [],
                "vm_size": "Standard_DS2_v2",
                "vnet_subnet_id": ""
              }
            ],
            "disk_encryption_set_id": "",
            "dns_prefix": "aks-fn-rg-cluster",
            "dns_prefix_private_cluster": "",
            "enable_pod_security_policy": false,
            "fqdn": "aks-fn-rg-cluster-800e8556.hcp.westeurope.azmk8s.io",
            "http_application_routing_enabled": false,
            "http_application_routing_zone_name": "",
            "http_proxy_config": [],
            "id": "/subscriptions/4ca28a33-5abc-45b9-bc8c-6a99bc61b4fc/resourceGroups/aks-fn-rg/providers/Microsoft.ContainerService/managedClusters/aks-fn-rg-cluster",
            "identity": [
              {
                "principal_id": "e2d8feee-beb4-4ab7-8f10-ced0f37f7f18",
                "tenant_id": "f23347b4-a5b1-471b-9ec3-7f005401ea81",
                "type": "SystemAssigned",
                "user_assigned_identity_id": ""
              }
            ],
            "ingress_application_gateway": [],
            "key_vault_secrets_provider": [],
            "kube_admin_config": [
              {
                "client_certificate": "LS0tLS1CRUdJTiBDRVJUSUZJQ0FURS0tLS0tCk1JSUZIakNDQXdhZ0F3SUJBZ0lSQUs5Q0wwcVhIWnBTOGxtUCt0N1U2cGN3RFFZSktvWklodmNOQVFFTEJRQXcKRFRFTE1Ba0dBMVVFQXhNQ1kyRXdIaGNOTWpJd056RTVNVEUxT1RJd1doY05NalF3TnpFNU1USXdPVEl3V2pBdwpNUmN3RlFZRFZRUUtFdzV6ZVhOMFpXMDZiV0Z6ZEdWeWN6RVZNQk1HQTFVRUF4TU1iV0Z6ZEdWeVkyeHBaVzUwCk1JSUNJakFOQmdrcWhraUc5dzBCQVFFRkFBT0NBZzhBTUlJQ0NnS0NBZ0VBc0ZVMDA0b0VJSEVjSFdJSVpkcjYKUG40MlljNjEyYzJkcExFTjdMbE9MV1hTa3BkSjNHRHVpaEt0R0U5bWUyV0ZYMU0waCs0WnNkZmpXOEZwNWNYZQovZnFEUHA2U2lERUwyVDcxMlNzdUp6RnY4UWRlemxHZ0JHc1B6a0s3QlpSTWo0MG85cUdoQnl6MkY4VTdPYjJtClRLTmhpUFlHWlFtcXM0d0NtY09yd1U1VDllMmM2ZG9WTHFlOURaZUNacHhra1pvWGRiNXVVWVdLdmU1aGFkaDEKZGxsMW54c0xLMDQ1Ti81UXl0NVluaW5nRGVyejFZZDByb2kyUS9UcFVKamZpQXduM0FyazBLYUJJYm92Zy9QUApzYStVRi9nYmtvL2pXUTM3NjZxaGwzTW9TMHY1OHpWRU9JeStzandMejVGZGpaWEFHT3AwbFVVSGZid2xsbk9hCkNiNC9sZFYvMnZsUjF0TEdPM2xIazd2ZHZMK25zY0p0UzhRREt0N2ovMlphT3ZPVnBIUVV6WmRYT09NRGFwU1AKVlZjbEc5Vys1bExSWmdxd0lGNTVKdHphcHNPNEpPaG54L3ZQSVROSng3Q3c5V0oxRkpxQUMrNkVCa0oybE51dQpiOUo4T1lLQkJoUi9MSmtURVdIZVNlMjAvV0pQWXFyOWRGREpWQ3R5UXQ2Wkgxem9rYmJhRkdoZFBNMWRQSVNJCkppSER3R1pnL1ppc3NsYzNMVW9wVmdMNC9rSDZGOTluT2tvNU5QQlZCSG5XRy9rTVZjQUpWU2R0YzRKY2RuVngKaEM1andabDkybmV3U0R1MG51NmVOQVhUekFaL1E4MTJqVDZnT3E4b0xOVVpvVUFad284T0RpUjQwdmZXZlZ0cAplNENKeTRSMnhQbUZmTSt1WkQ1c2diRUNBd0VBQWFOV01GUXdEZ1lEVlIwUEFRSC9CQVFEQWdXZ01CTUdBMVVkCkpRUU1NQW9HQ0NzR0FRVUZCd01DTUF3R0ExVWRFd0VCL3dRQ01BQXdId1lEVlIwakJCZ3dGb0FVRk4ycEl4a2oKTjhIaVJSOCtncUJwT0VzZDFjb3dEUVlKS29aSWh2Y05BUUVMQlFBRGdnSUJBSS9UemJ6UmZRdVlERXcrNUZLeApRMFJNSmtiNCtQRVJZVENkS3dWUGJ5M2RiSWZWL3hZTml0R3R5b0MzZkF3L0h4d3NMbEd3a1c3V2RLdE45ZFRLCmVhRlIrUnYzb3JNb0pwOTVUOTBIZmxQenpXZHdFeG55QmdNdTMveWZ0bWMySG9OSkt2TnI0M1cwa284Ry9lOVIKSXJ3VTZBNk5yL0w2WkpReGpvckhpelFPNStEZ2FYVk40MkZOQ015TFZjQXZMNmN1TjVHZ1YwNGNJdXN4eS96SwpkTVcrZEIvWE10Q0pEaVM3dVRxMnoyR0JlVW84UHZITzlxTDFwbUR2M0VEYXpNemM3SlFLV1gzcFpJa1RGcEhXCnFVZUxBRmd6a3JsUTc4Q3ZhY2l2L2Q1ZDFFd1RIc2dqWUl0NkhrRGRXWFdwZDRoMzYvUnZ1UWtxREN3dC9kL0oKM1Z0VUNHRW1tVFZSbjJ3b2MxS2V1VlF2Uktlb3ZtcEVnekw0MlZHaTNzVzBjM3V1WDNhcUlubTVsdmkrZ1J3SwpCd1plRmMvMWhWbDRUNVhyaWN6eVg4aUxGODNsblNQYVlYMksvcEgrQW1UckZSZG81MlVOb0E5Sk9kQWZEUm5VCkZ5eVpuNHpCenBUbDNnUVJnbTVxNEk5YVVNMlUxRTFwMWtVd280T3o1VEkxbE91TEcwSHhBYkd0QlFIcXhLbTIKTzJzOVQvbkZ4SFdxamhDbEk5bG90TFZhZW1FWjB1SlkzdmFlT2plVW40dkFQNGVHcEV3TTFXMTBHUGJDZlpWLwpmN2w5V05TdE1UbTlLZEh4UXFDSjZjN1AwMWt3MUJZNWlqblV5eXlzejFoeWFpbzhXdWZIbHd6ZFpIRFlNUzhmCnc4K29rMU5STzloYXlKSVVDb3lBbzU5bwotLS0tLUVORCBDRVJUSUZJQ0FURS0tLS0tCg==",
                "client_key": "LS0tLS1CRUdJTiBSU0EgUFJJVkFURSBLRVktLS0tLQpNSUlKS0FJQkFBS0NBZ0VBc0ZVMDA0b0VJSEVjSFdJSVpkcjZQbjQyWWM2MTJjMmRwTEVON0xsT0xXWFNrcGRKCjNHRHVpaEt0R0U5bWUyV0ZYMU0waCs0WnNkZmpXOEZwNWNYZS9mcURQcDZTaURFTDJUNzEyU3N1SnpGdjhRZGUKemxHZ0JHc1B6a0s3QlpSTWo0MG85cUdoQnl6MkY4VTdPYjJtVEtOaGlQWUdaUW1xczR3Q21jT3J3VTVUOWUyYwo2ZG9WTHFlOURaZUNacHhra1pvWGRiNXVVWVdLdmU1aGFkaDFkbGwxbnhzTEswNDVOLzVReXQ1WW5pbmdEZXJ6CjFZZDByb2kyUS9UcFVKamZpQXduM0FyazBLYUJJYm92Zy9QUHNhK1VGL2dia28valdRMzc2NnFobDNNb1MwdjUKOHpWRU9JeStzandMejVGZGpaWEFHT3AwbFVVSGZid2xsbk9hQ2I0L2xkVi8ydmxSMXRMR08zbEhrN3ZkdkwrbgpzY0p0UzhRREt0N2ovMlphT3ZPVnBIUVV6WmRYT09NRGFwU1BWVmNsRzlXKzVsTFJaZ3F3SUY1NUp0emFwc080CkpPaG54L3ZQSVROSng3Q3c5V0oxRkpxQUMrNkVCa0oybE51dWI5SjhPWUtCQmhSL0xKa1RFV0hlU2UyMC9XSlAKWXFyOWRGREpWQ3R5UXQ2Wkgxem9rYmJhRkdoZFBNMWRQSVNJSmlIRHdHWmcvWmlzc2xjM0xVb3BWZ0w0L2tINgpGOTluT2tvNU5QQlZCSG5XRy9rTVZjQUpWU2R0YzRKY2RuVnhoQzVqd1psOTJuZXdTRHUwbnU2ZU5BWFR6QVovClE4MTJqVDZnT3E4b0xOVVpvVUFad284T0RpUjQwdmZXZlZ0cGU0Q0p5NFIyeFBtRmZNK3VaRDVzZ2JFQ0F3RUEKQVFLQ0FnRUFpRkxuaTEvWmZ1ZFRrQmZaWEQybVdDZ2xqUXBOcHp5QzB1K2JUMWVYN0JzYlovK1V0ODhzdkF4aQpURGdlaCtuZDZldWU0alFmSTFJLzBSRS8rTWM0ZGV4MkNUUjVIdGVrVEdtVGtqa0M3b1FYQWlYcmt1Q2lNS2hBCnlQcm9NaEVMKzdOclp2bGdUL2JmcjFMcFRlT2tMUDNuQ3djQnZKMXpubW54SE1XZEJNNjB0SjNtUVJrOFpSeUQKV1gyMzcvS2JBY0k2dnVuaHloN1BPN1dQRkZDbnh6NjBZN1I1dHhvN3ZHRmVQdWtWWS9vRjRWeXk5SE5McngrOApvZDgzZmZzaVhjRGdGQXRNQ1UrZzU5MVVuTlFpejBGcDRmb0wvd3hFL1BXRnZSWG01ZnErdlMvWTVzRllvOHVVCkpxR3JrK2JUaUFHdFNOWUNHZUVMUUpiMERGUUZVcGhaaldCc1ZIU3kvWGpuREd3UjJGOU4yNXpZNXV3VGs5WGgKNHpDVjVaN3V2R3VlVnZ0L1Rod0F1TWVCVStFWkJheWxTUXR2dWRCcFVlemQ3MFpqRVMvVENkYzl2TkVURGtSSgpUOFVoNG54MnZ3Rkg4Q3lteTRrb25GSFhxMzVadUxsa0FSd1FXdDJVeTJDM2VtMUVGc0hjRWZ2NU9JdHBtclZOCllrbkZpdlYwdVpaeXluUi95TmtSMDZFMnc0TFBzcHVGc0Y2dDRvemhiYklYQ0FoODlCN1RmdUhBeUo2Uk8xYXIKS1FxTTVaL2hIMFl0RmYybWFlcGdaTEVCbGQzZytKaHlQaUx0N05xRnllcy9ZMUkxTjJWeUJKZTFmL1F5M2ViOApWQVBwNG5PMnhxdmJHNXZrT2x1ZVA0cVZvbXpVWEdxZ3lvWTd3YmpwR3IyQmFheEllZ0VDZ2dFQkFOc1BYYkdBCnBnc3FUblIyTkxrTXlUSzJyeStLZ29nRkpRMEpUd2wzQVhnci8rdnF3UlRISXNHbUZ1b0pYQ2p0Wm13MGVzRFQKNDlKcjh3dGJqc01wTWpJVzFyZUxYL3EzalVDODVXRnVJRVpsRFl0YWZZZEwxZkVYZ1FQNUtmS0YvOTdaVmIxSApzNVJGbmNITlZ3djJiSGdoM2VLdVNoZHpWdk9sc1lOL3VmRGJhMkVZbTBrbWZhMkhERTRrWEEvSjNXV096VWl6ClRiTEY5VS9tcWdzT0pzNVg2c2RnWXdWRU5Uek96VzJlM0w1SEUrZFViQXB0b2NxT3NsdFdWOVJWVW9TVDgyMXYKMWVBSGh6cW9BYW9iY09JNC9DL0xMMDVwL2xoWWpvcXEyc0x0QVVyalBSYTFxSnpGVS91bUFyY3VnbitsN0RscQpXTkNoUzh2eWFNYy9GV0VDZ2dFQkFNNFJXQ0QwNjVkNFJHMDVxWFErQmNnaHpIZDlkb0ZaREtsR1Z1dzJhRnZ6CmwrajZzT0NmaVZ3V096TDBia3Znb2RKaWNNa0xWdyttNU5ENmdCenJlMTZ2MFBJTXptU1hncWhtSWJ4cW9tTFoKQ1ppMXFZVGg3Rit5T3BCOUU5QmhBWDNCWjZjcDVhU1pwMDdjOFBuRTNFMXdEdzFYOFI0TStmU244eWlHMnZLUQpFKy9KQnFBcy92U2YrTFlGU29oTkJKV3FBNHpZTGFTc0lXRnkvYkdRRVhFY1dkSG1vV0NyQkJVeS9TanY4aWs4Cm01TEJRUnhQY2FlZ2R6blJjN1oybG05dlVXaEw3R2lPUFo4Ry9qTGVsSUFRc0ZVQ0FNQ1R2VzM5MlZKWHBZV1EKZk14M0FxaUlZb29yTjIrbE9XOTJUSTJrOU40Yzh5UStiWFgyY2V1UmZsRUNnZ0VBU0p0Tk9Mb2xUdW9VMnZFYgpCSUxDWlRhNzFnd1l1N0RJMlF0TzBScEt1R1FORFVyZitGMFFuaExJNFlWOHNHd1BXS29FVGNsdFo1ODBEWDJwClVmSmptc3FMSElicnB4UVRrM09JcThSdW1pYUFXTUlEZlVhYmdLK0RxYWQ2U2RJMFBzN1daa2hQczBObnlJYWcKNVd3bUE2Tm1BZTQyekpNRUxQbXNYcU9GSTluMk8xYUdrYlphVFp2SGJsY0sxSWphQXdGVDlWYkkyQXBaQnNTegpjN3FiRGlXQndkZW11bVlqSnlaOFhHc2RTMHdQd3NydWpINU44KzljR240QjJuVDFSdEFyRFFqV1lNemQrNGtZCkZDUElSSk1TczF5ckwxaGVYelhxK1Bjc1R4TnpMRGtwVkUrZHRXaUtMNHlVdGRhS2xuaU9WWEYwUXFKVGx5T2YKcXZxendRS0NBUUJPZm9UWGFQUWs2b2NHSkNUTVJxUGxMQnE2bVd2K3NYRUZPZW42YUc4d040WHlGU3d6SkJJcQpwYjAvRjZTNytvRXBwcDNYdHg0ZXREQU0rcDY2WldqRkZLdSt4K29HbjBBQjdZV0VSQW8vSlBWbTJpd01saEo0CkVXZ0ZpZDkyVEwxSXJkZFI4YitzQjJ1WHVzbUFHdURnRG9OdFRjWm04QUoyazFNb2FOWVY5NVBnanU2YkxRaWgKSGg2YkYwRGcwcFdnZlBhRlBBT0c2cHA4aUZUaXdrSWlsKzRPNm84bVIzNXlwTTJTUG5ROENQNHAxTHQ4a1RaMQo1OFlDbkNvN29zaURBaUE4WGs5Yk5ITjhsQ2xZTHpqWjM0R0xvQXV4VDVXa3hFRjRBRExvd2JVSUhYMUJ2VkhyCjE3SnlNTG5FSDRmaG5LZzV3MFZLMVF6VkZsOG1vSEZCQW9JQkFGZTB2cFEydW8yWC9nZ1UxVVRIMXl4MlNnOE8KcXZTcnNrejM2QkMrVHZEcU5BZGdDZERab3Urc3IxTGk2bmQxcXhsVzlUSFhZTVZIZ0Mwb2hEeDNyaDlVMjYrWAp5SmR2RkFWbitPQlBBekdGbDJ6K200eTZXazNUbzBGTVJYOHhsL0pVTVlOZ2kwYWJFbmkvT0VIbDJTUUp5b055CjRTVkNYT1NSeGRocGZRdmI3c1dhWmwwQnhBdzAxTTVZRERadVdVTEYwbmFUNTBIUjROSWdkYmxqNFNOZDcwNTMKNVY1TFFkTzhWOGJuak14dGVONm11M1daZWpTa0ZPVGswWmFTTDlBVC9ZeW1lV3BhMm5oNlhTTWpiWFJqZWJvbgpGSkpJYVVYWmlZUFVKdHdFL1hsNk1ZQkhYSjM4TlplY3RkRzczK0dSaFJwYitpU1psYk84R2lna0taQT0KLS0tLS1FTkQgUlNBIFBSSVZBVEUgS0VZLS0tLS0K",
                "cluster_ca_certificate": "LS0tLS1CRUdJTiBDRVJUSUZJQ0FURS0tLS0tCk1JSUU2RENDQXRDZ0F3SUJBZ0lRQ2p0SVFhUkpJcFJ4SVgwbjhkdURQekFOQmdrcWhraUc5dzBCQVFzRkFEQU4KTVFzd0NRWURWUVFERXdKallUQWdGdzB5TWpBM01Ua3hNVFU1TWpCYUdBOHlNRFV5TURjeE9URXlNRGt5TUZvdwpEVEVMTUFrR0ExVUVBeE1DWTJFd2dnSWlNQTBHQ1NxR1NJYjNEUUVCQVFVQUE0SUNEd0F3Z2dJS0FvSUNBUURJCkxYTWg1RjY1YzRBMUYyZzdqdTcwNlRSQ20wa3d4ektBbWRyRGM1YThSWGIrQmVDajA4ZDBoeU9MY3pObEhzeG4KQ3IvUjJIbUxMVXk1S3BmaWdpbmdRUHlrRWk5ODR2WXRJcWtVQy9jdStLU0ZtdFpYMTNjVmVmOSt6Q0JOR2xVRAo4K1dJT1czVnJhTmNmWlJwRy82bU82S2NHaHhwQmRpd2ZwWFY1aGZZUGlwMHZxeG4rRFdPZUVhQmp4b0ZBUGlxCkJQdDNPVCtDUTFZaktVd0d0VVovbGl5c0pxazM0ODBzRExrSFo3ZmtzZlV5SjlWOGxBZXh2eGhaMTRmK3ErcEIKZk5QRGRqbEJDYytvOEl2Y2xtSmRaR1pDMzAxeW5SV2x6a3Axb2xzVktCVlNiY3BFNnEydXlDSE1ta3ZZL2Q4UQo5WlkwT0hvWFZ5VER5aVEzQW9zREpOd0g4eUU1dGkxbUJxSjN3RW5UQWxuTUdEWDVEMmdIS1dBR1JEV050MlhrCmhCSFVmOHlmWkp0NUxPTmcxdU85TVB1MlJPRXBuK1VwSWkxYnMyTVVtK3Q3Y2NqbWMyLzE1TTZBdkRkNEZPY3oKMUFwc2F2NFRnT1phZ01mOTN3WHo3bE13enB3R1djSU9YNldTVnNIeTBIdWJZdWNrQmRaZVMvaW5paDZsZFFqbgo0dFdpUGg3SFFPbzV5d2RQOXZWNEEza0c3RUo2cGlpMUpuTG9xWWk3Q3AvTzkvREpocEtheXdIQ1ppZHFqTGVmCjNQMGVraWtiYTBiRGZwTkE1MXFFd3c4Sk50NHk0b1NCU0pGTC9mNzRHa2VINTY5ZmkvQ2d2QXpDSldCYTdiTW0KMitCajcyT2JoZm14U3RvaWVtL1lXQ3IxbzA1VHpCOTVRRTgyTzZBWEFRSURBUUFCbzBJd1FEQU9CZ05WSFE4QgpBZjhFQkFNQ0FxUXdEd1lEVlIwVEFRSC9CQVV3QXdFQi96QWRCZ05WSFE0RUZnUVVGTjJwSXhrak44SGlSUjgrCmdxQnBPRXNkMWNvd0RRWUpLb1pJaHZjTkFRRUxCUUFEZ2dJQkFDN0R2Y2Z4U2NwaGRYU1ZaNWZQWFBCUklQSSsKK2tIczZocDQ0dVIvOGR4Q3F4WkhBcXZHeXZsRGI2b0JkWHQ1S2VHZVBHM0FUVVVzSFg0czJFSGdNL2ZDbUMrVQpGOFBlVHI3UDVySzNCdklpaXJkTmhzbjZtZDZJUHAxdmdFNmxMUm1tQ1BTYVh4SUU2bnNiODJmMXUzRTZUazhUCjZuV25ob21rWmNUOXlRdE9CVXNub0c3UkpJRTdTY2xPeUFOMkNpVVdnaHIvVWdOM1UwUVAzTHEzUUpDWGRZUkEKSXk4dVI2MnIyeXZkWU1Rc3FOSmZpN3ZXODJZN2dXNzdHVmRubTFJdjladC9jaHA0NXZRUUdLb1h6eWw2bmVqRQpoSFA0aGcwaXdkUmFwS09WWUI3V3dBZVgrN1ZaMkh2NmkvRSt5a3d0L2IwQ2FkYXN6NExOZzZWZkxEbWt5TTBFClVmMktFQTRGVm9XSk5rVC8xNjZrQ0hmNDNZY0ZVUTJ0Y0s0N3VxRTVxSHFHOVZGQ2VjSmNwcXZaUndQRzZUUzEKaEpPbmtBSEpTUU5vTm91TkRwOHBncGlkUFZxRXFEUDNTMUtBQk1wNWQ3MXJyQkJOVGhISkowT1FEbGwrNmROZgpxNXd1ZHJnWHl5OExKR3FmaHJNS2JycWh6dDJBK0tSWVd5TUJOV2JuNzFTMkkwVTZGY1Q3MUkreWQrYjRudkpzClhpTnkrTDhFeFIxMC9XaHpJR2xMazVwNUkrY1pLNFhIR3hSNERKbUFDL2xuZ0NoS00vZVhOdWVzajhPZzFscTcKRVIyYnhZQk5aZkh1T1hzMThRbnpTcmJOdk0zditTSkhCMjkyeTMyT1NSSDdRUXdiTGZJcjlxRmdJWEkxbWtieApkcElLeExIR3pacVRRYjdTCi0tLS0tRU5EIENFUlRJRklDQVRFLS0tLS0K",
                "host": "https://aks-fn-rg-cluster-800e8556.hcp.westeurope.azmk8s.io:443",
                "password": "f1b65ad53c94c4bf2c33ab25457603bafe043b39ee55aeb36756cccbd6bdb03c446d7c9d4be46a288ebfd69734a2bcce4d4d79658b7a520816b02c2de68fb570",
                "username": "clusterAdmin_aks-fn-rg_aks-fn-rg-cluster"
              }
            ],
            "kube_admin_config_raw": "apiVersion: v1\nclusters:\n- cluster:\n    certificate-authority-data: LS0tLS1CRUdJTiBDRVJUSUZJQ0FURS0tLS0tCk1JSUU2RENDQXRDZ0F3SUJBZ0lRQ2p0SVFhUkpJcFJ4SVgwbjhkdURQekFOQmdrcWhraUc5dzBCQVFzRkFEQU4KTVFzd0NRWURWUVFERXdKallUQWdGdzB5TWpBM01Ua3hNVFU1TWpCYUdBOHlNRFV5TURjeE9URXlNRGt5TUZvdwpEVEVMTUFrR0ExVUVBeE1DWTJFd2dnSWlNQTBHQ1NxR1NJYjNEUUVCQVFVQUE0SUNEd0F3Z2dJS0FvSUNBUURJCkxYTWg1RjY1YzRBMUYyZzdqdTcwNlRSQ20wa3d4ektBbWRyRGM1YThSWGIrQmVDajA4ZDBoeU9MY3pObEhzeG4KQ3IvUjJIbUxMVXk1S3BmaWdpbmdRUHlrRWk5ODR2WXRJcWtVQy9jdStLU0ZtdFpYMTNjVmVmOSt6Q0JOR2xVRAo4K1dJT1czVnJhTmNmWlJwRy82bU82S2NHaHhwQmRpd2ZwWFY1aGZZUGlwMHZxeG4rRFdPZUVhQmp4b0ZBUGlxCkJQdDNPVCtDUTFZaktVd0d0VVovbGl5c0pxazM0ODBzRExrSFo3ZmtzZlV5SjlWOGxBZXh2eGhaMTRmK3ErcEIKZk5QRGRqbEJDYytvOEl2Y2xtSmRaR1pDMzAxeW5SV2x6a3Axb2xzVktCVlNiY3BFNnEydXlDSE1ta3ZZL2Q4UQo5WlkwT0hvWFZ5VER5aVEzQW9zREpOd0g4eUU1dGkxbUJxSjN3RW5UQWxuTUdEWDVEMmdIS1dBR1JEV050MlhrCmhCSFVmOHlmWkp0NUxPTmcxdU85TVB1MlJPRXBuK1VwSWkxYnMyTVVtK3Q3Y2NqbWMyLzE1TTZBdkRkNEZPY3oKMUFwc2F2NFRnT1phZ01mOTN3WHo3bE13enB3R1djSU9YNldTVnNIeTBIdWJZdWNrQmRaZVMvaW5paDZsZFFqbgo0dFdpUGg3SFFPbzV5d2RQOXZWNEEza0c3RUo2cGlpMUpuTG9xWWk3Q3AvTzkvREpocEtheXdIQ1ppZHFqTGVmCjNQMGVraWtiYTBiRGZwTkE1MXFFd3c4Sk50NHk0b1NCU0pGTC9mNzRHa2VINTY5ZmkvQ2d2QXpDSldCYTdiTW0KMitCajcyT2JoZm14U3RvaWVtL1lXQ3IxbzA1VHpCOTVRRTgyTzZBWEFRSURBUUFCbzBJd1FEQU9CZ05WSFE4QgpBZjhFQkFNQ0FxUXdEd1lEVlIwVEFRSC9CQVV3QXdFQi96QWRCZ05WSFE0RUZnUVVGTjJwSXhrak44SGlSUjgrCmdxQnBPRXNkMWNvd0RRWUpLb1pJaHZjTkFRRUxCUUFEZ2dJQkFDN0R2Y2Z4U2NwaGRYU1ZaNWZQWFBCUklQSSsKK2tIczZocDQ0dVIvOGR4Q3F4WkhBcXZHeXZsRGI2b0JkWHQ1S2VHZVBHM0FUVVVzSFg0czJFSGdNL2ZDbUMrVQpGOFBlVHI3UDVySzNCdklpaXJkTmhzbjZtZDZJUHAxdmdFNmxMUm1tQ1BTYVh4SUU2bnNiODJmMXUzRTZUazhUCjZuV25ob21rWmNUOXlRdE9CVXNub0c3UkpJRTdTY2xPeUFOMkNpVVdnaHIvVWdOM1UwUVAzTHEzUUpDWGRZUkEKSXk4dVI2MnIyeXZkWU1Rc3FOSmZpN3ZXODJZN2dXNzdHVmRubTFJdjladC9jaHA0NXZRUUdLb1h6eWw2bmVqRQpoSFA0aGcwaXdkUmFwS09WWUI3V3dBZVgrN1ZaMkh2NmkvRSt5a3d0L2IwQ2FkYXN6NExOZzZWZkxEbWt5TTBFClVmMktFQTRGVm9XSk5rVC8xNjZrQ0hmNDNZY0ZVUTJ0Y0s0N3VxRTVxSHFHOVZGQ2VjSmNwcXZaUndQRzZUUzEKaEpPbmtBSEpTUU5vTm91TkRwOHBncGlkUFZxRXFEUDNTMUtBQk1wNWQ3MXJyQkJOVGhISkowT1FEbGwrNmROZgpxNXd1ZHJnWHl5OExKR3FmaHJNS2JycWh6dDJBK0tSWVd5TUJOV2JuNzFTMkkwVTZGY1Q3MUkreWQrYjRudkpzClhpTnkrTDhFeFIxMC9XaHpJR2xMazVwNUkrY1pLNFhIR3hSNERKbUFDL2xuZ0NoS00vZVhOdWVzajhPZzFscTcKRVIyYnhZQk5aZkh1T1hzMThRbnpTcmJOdk0zditTSkhCMjkyeTMyT1NSSDdRUXdiTGZJcjlxRmdJWEkxbWtieApkcElLeExIR3pacVRRYjdTCi0tLS0tRU5EIENFUlRJRklDQVRFLS0tLS0K\n    server: https://aks-fn-rg-cluster-800e8556.hcp.westeurope.azmk8s.io:443\n  name: aks-fn-rg-cluster\ncontexts:\n- context:\n    cluster: aks-fn-rg-cluster\n    user: clusterAdmin_aks-fn-rg_aks-fn-rg-cluster\n  name: aks-fn-rg-cluster\ncurrent-context: aks-fn-rg-cluster\nkind: Config\npreferences: {}\nusers:\n- name: clusterAdmin_aks-fn-rg_aks-fn-rg-cluster\n  user:\n    client-certificate-data: LS0tLS1CRUdJTiBDRVJUSUZJQ0FURS0tLS0tCk1JSUZIakNDQXdhZ0F3SUJBZ0lSQUs5Q0wwcVhIWnBTOGxtUCt0N1U2cGN3RFFZSktvWklodmNOQVFFTEJRQXcKRFRFTE1Ba0dBMVVFQXhNQ1kyRXdIaGNOTWpJd056RTVNVEUxT1RJd1doY05NalF3TnpFNU1USXdPVEl3V2pBdwpNUmN3RlFZRFZRUUtFdzV6ZVhOMFpXMDZiV0Z6ZEdWeWN6RVZNQk1HQTFVRUF4TU1iV0Z6ZEdWeVkyeHBaVzUwCk1JSUNJakFOQmdrcWhraUc5dzBCQVFFRkFBT0NBZzhBTUlJQ0NnS0NBZ0VBc0ZVMDA0b0VJSEVjSFdJSVpkcjYKUG40MlljNjEyYzJkcExFTjdMbE9MV1hTa3BkSjNHRHVpaEt0R0U5bWUyV0ZYMU0waCs0WnNkZmpXOEZwNWNYZQovZnFEUHA2U2lERUwyVDcxMlNzdUp6RnY4UWRlemxHZ0JHc1B6a0s3QlpSTWo0MG85cUdoQnl6MkY4VTdPYjJtClRLTmhpUFlHWlFtcXM0d0NtY09yd1U1VDllMmM2ZG9WTHFlOURaZUNacHhra1pvWGRiNXVVWVdLdmU1aGFkaDEKZGxsMW54c0xLMDQ1Ti81UXl0NVluaW5nRGVyejFZZDByb2kyUS9UcFVKamZpQXduM0FyazBLYUJJYm92Zy9QUApzYStVRi9nYmtvL2pXUTM3NjZxaGwzTW9TMHY1OHpWRU9JeStzandMejVGZGpaWEFHT3AwbFVVSGZid2xsbk9hCkNiNC9sZFYvMnZsUjF0TEdPM2xIazd2ZHZMK25zY0p0UzhRREt0N2ovMlphT3ZPVnBIUVV6WmRYT09NRGFwU1AKVlZjbEc5Vys1bExSWmdxd0lGNTVKdHphcHNPNEpPaG54L3ZQSVROSng3Q3c5V0oxRkpxQUMrNkVCa0oybE51dQpiOUo4T1lLQkJoUi9MSmtURVdIZVNlMjAvV0pQWXFyOWRGREpWQ3R5UXQ2Wkgxem9rYmJhRkdoZFBNMWRQSVNJCkppSER3R1pnL1ppc3NsYzNMVW9wVmdMNC9rSDZGOTluT2tvNU5QQlZCSG5XRy9rTVZjQUpWU2R0YzRKY2RuVngKaEM1andabDkybmV3U0R1MG51NmVOQVhUekFaL1E4MTJqVDZnT3E4b0xOVVpvVUFad284T0RpUjQwdmZXZlZ0cAplNENKeTRSMnhQbUZmTSt1WkQ1c2diRUNBd0VBQWFOV01GUXdEZ1lEVlIwUEFRSC9CQVFEQWdXZ01CTUdBMVVkCkpRUU1NQW9HQ0NzR0FRVUZCd01DTUF3R0ExVWRFd0VCL3dRQ01BQXdId1lEVlIwakJCZ3dGb0FVRk4ycEl4a2oKTjhIaVJSOCtncUJwT0VzZDFjb3dEUVlKS29aSWh2Y05BUUVMQlFBRGdnSUJBSS9UemJ6UmZRdVlERXcrNUZLeApRMFJNSmtiNCtQRVJZVENkS3dWUGJ5M2RiSWZWL3hZTml0R3R5b0MzZkF3L0h4d3NMbEd3a1c3V2RLdE45ZFRLCmVhRlIrUnYzb3JNb0pwOTVUOTBIZmxQenpXZHdFeG55QmdNdTMveWZ0bWMySG9OSkt2TnI0M1cwa284Ry9lOVIKSXJ3VTZBNk5yL0w2WkpReGpvckhpelFPNStEZ2FYVk40MkZOQ015TFZjQXZMNmN1TjVHZ1YwNGNJdXN4eS96SwpkTVcrZEIvWE10Q0pEaVM3dVRxMnoyR0JlVW84UHZITzlxTDFwbUR2M0VEYXpNemM3SlFLV1gzcFpJa1RGcEhXCnFVZUxBRmd6a3JsUTc4Q3ZhY2l2L2Q1ZDFFd1RIc2dqWUl0NkhrRGRXWFdwZDRoMzYvUnZ1UWtxREN3dC9kL0oKM1Z0VUNHRW1tVFZSbjJ3b2MxS2V1VlF2Uktlb3ZtcEVnekw0MlZHaTNzVzBjM3V1WDNhcUlubTVsdmkrZ1J3SwpCd1plRmMvMWhWbDRUNVhyaWN6eVg4aUxGODNsblNQYVlYMksvcEgrQW1UckZSZG81MlVOb0E5Sk9kQWZEUm5VCkZ5eVpuNHpCenBUbDNnUVJnbTVxNEk5YVVNMlUxRTFwMWtVd280T3o1VEkxbE91TEcwSHhBYkd0QlFIcXhLbTIKTzJzOVQvbkZ4SFdxamhDbEk5bG90TFZhZW1FWjB1SlkzdmFlT2plVW40dkFQNGVHcEV3TTFXMTBHUGJDZlpWLwpmN2w5V05TdE1UbTlLZEh4UXFDSjZjN1AwMWt3MUJZNWlqblV5eXlzejFoeWFpbzhXdWZIbHd6ZFpIRFlNUzhmCnc4K29rMU5STzloYXlKSVVDb3lBbzU5bwotLS0tLUVORCBDRVJUSUZJQ0FURS0tLS0tCg==\n    client-key-data: LS0tLS1CRUdJTiBSU0EgUFJJVkFURSBLRVktLS0tLQpNSUlKS0FJQkFBS0NBZ0VBc0ZVMDA0b0VJSEVjSFdJSVpkcjZQbjQyWWM2MTJjMmRwTEVON0xsT0xXWFNrcGRKCjNHRHVpaEt0R0U5bWUyV0ZYMU0waCs0WnNkZmpXOEZwNWNYZS9mcURQcDZTaURFTDJUNzEyU3N1SnpGdjhRZGUKemxHZ0JHc1B6a0s3QlpSTWo0MG85cUdoQnl6MkY4VTdPYjJtVEtOaGlQWUdaUW1xczR3Q21jT3J3VTVUOWUyYwo2ZG9WTHFlOURaZUNacHhra1pvWGRiNXVVWVdLdmU1aGFkaDFkbGwxbnhzTEswNDVOLzVReXQ1WW5pbmdEZXJ6CjFZZDByb2kyUS9UcFVKamZpQXduM0FyazBLYUJJYm92Zy9QUHNhK1VGL2dia28valdRMzc2NnFobDNNb1MwdjUKOHpWRU9JeStzandMejVGZGpaWEFHT3AwbFVVSGZid2xsbk9hQ2I0L2xkVi8ydmxSMXRMR08zbEhrN3ZkdkwrbgpzY0p0UzhRREt0N2ovMlphT3ZPVnBIUVV6WmRYT09NRGFwU1BWVmNsRzlXKzVsTFJaZ3F3SUY1NUp0emFwc080CkpPaG54L3ZQSVROSng3Q3c5V0oxRkpxQUMrNkVCa0oybE51dWI5SjhPWUtCQmhSL0xKa1RFV0hlU2UyMC9XSlAKWXFyOWRGREpWQ3R5UXQ2Wkgxem9rYmJhRkdoZFBNMWRQSVNJSmlIRHdHWmcvWmlzc2xjM0xVb3BWZ0w0L2tINgpGOTluT2tvNU5QQlZCSG5XRy9rTVZjQUpWU2R0YzRKY2RuVnhoQzVqd1psOTJuZXdTRHUwbnU2ZU5BWFR6QVovClE4MTJqVDZnT3E4b0xOVVpvVUFad284T0RpUjQwdmZXZlZ0cGU0Q0p5NFIyeFBtRmZNK3VaRDVzZ2JFQ0F3RUEKQVFLQ0FnRUFpRkxuaTEvWmZ1ZFRrQmZaWEQybVdDZ2xqUXBOcHp5QzB1K2JUMWVYN0JzYlovK1V0ODhzdkF4aQpURGdlaCtuZDZldWU0alFmSTFJLzBSRS8rTWM0ZGV4MkNUUjVIdGVrVEdtVGtqa0M3b1FYQWlYcmt1Q2lNS2hBCnlQcm9NaEVMKzdOclp2bGdUL2JmcjFMcFRlT2tMUDNuQ3djQnZKMXpubW54SE1XZEJNNjB0SjNtUVJrOFpSeUQKV1gyMzcvS2JBY0k2dnVuaHloN1BPN1dQRkZDbnh6NjBZN1I1dHhvN3ZHRmVQdWtWWS9vRjRWeXk5SE5McngrOApvZDgzZmZzaVhjRGdGQXRNQ1UrZzU5MVVuTlFpejBGcDRmb0wvd3hFL1BXRnZSWG01ZnErdlMvWTVzRllvOHVVCkpxR3JrK2JUaUFHdFNOWUNHZUVMUUpiMERGUUZVcGhaaldCc1ZIU3kvWGpuREd3UjJGOU4yNXpZNXV3VGs5WGgKNHpDVjVaN3V2R3VlVnZ0L1Rod0F1TWVCVStFWkJheWxTUXR2dWRCcFVlemQ3MFpqRVMvVENkYzl2TkVURGtSSgpUOFVoNG54MnZ3Rkg4Q3lteTRrb25GSFhxMzVadUxsa0FSd1FXdDJVeTJDM2VtMUVGc0hjRWZ2NU9JdHBtclZOCllrbkZpdlYwdVpaeXluUi95TmtSMDZFMnc0TFBzcHVGc0Y2dDRvemhiYklYQ0FoODlCN1RmdUhBeUo2Uk8xYXIKS1FxTTVaL2hIMFl0RmYybWFlcGdaTEVCbGQzZytKaHlQaUx0N05xRnllcy9ZMUkxTjJWeUJKZTFmL1F5M2ViOApWQVBwNG5PMnhxdmJHNXZrT2x1ZVA0cVZvbXpVWEdxZ3lvWTd3YmpwR3IyQmFheEllZ0VDZ2dFQkFOc1BYYkdBCnBnc3FUblIyTkxrTXlUSzJyeStLZ29nRkpRMEpUd2wzQVhnci8rdnF3UlRISXNHbUZ1b0pYQ2p0Wm13MGVzRFQKNDlKcjh3dGJqc01wTWpJVzFyZUxYL3EzalVDODVXRnVJRVpsRFl0YWZZZEwxZkVYZ1FQNUtmS0YvOTdaVmIxSApzNVJGbmNITlZ3djJiSGdoM2VLdVNoZHpWdk9sc1lOL3VmRGJhMkVZbTBrbWZhMkhERTRrWEEvSjNXV096VWl6ClRiTEY5VS9tcWdzT0pzNVg2c2RnWXdWRU5Uek96VzJlM0w1SEUrZFViQXB0b2NxT3NsdFdWOVJWVW9TVDgyMXYKMWVBSGh6cW9BYW9iY09JNC9DL0xMMDVwL2xoWWpvcXEyc0x0QVVyalBSYTFxSnpGVS91bUFyY3VnbitsN0RscQpXTkNoUzh2eWFNYy9GV0VDZ2dFQkFNNFJXQ0QwNjVkNFJHMDVxWFErQmNnaHpIZDlkb0ZaREtsR1Z1dzJhRnZ6CmwrajZzT0NmaVZ3V096TDBia3Znb2RKaWNNa0xWdyttNU5ENmdCenJlMTZ2MFBJTXptU1hncWhtSWJ4cW9tTFoKQ1ppMXFZVGg3Rit5T3BCOUU5QmhBWDNCWjZjcDVhU1pwMDdjOFBuRTNFMXdEdzFYOFI0TStmU244eWlHMnZLUQpFKy9KQnFBcy92U2YrTFlGU29oTkJKV3FBNHpZTGFTc0lXRnkvYkdRRVhFY1dkSG1vV0NyQkJVeS9TanY4aWs4Cm01TEJRUnhQY2FlZ2R6blJjN1oybG05dlVXaEw3R2lPUFo4Ry9qTGVsSUFRc0ZVQ0FNQ1R2VzM5MlZKWHBZV1EKZk14M0FxaUlZb29yTjIrbE9XOTJUSTJrOU40Yzh5UStiWFgyY2V1UmZsRUNnZ0VBU0p0Tk9Mb2xUdW9VMnZFYgpCSUxDWlRhNzFnd1l1N0RJMlF0TzBScEt1R1FORFVyZitGMFFuaExJNFlWOHNHd1BXS29FVGNsdFo1ODBEWDJwClVmSmptc3FMSElicnB4UVRrM09JcThSdW1pYUFXTUlEZlVhYmdLK0RxYWQ2U2RJMFBzN1daa2hQczBObnlJYWcKNVd3bUE2Tm1BZTQyekpNRUxQbXNYcU9GSTluMk8xYUdrYlphVFp2SGJsY0sxSWphQXdGVDlWYkkyQXBaQnNTegpjN3FiRGlXQndkZW11bVlqSnlaOFhHc2RTMHdQd3NydWpINU44KzljR240QjJuVDFSdEFyRFFqV1lNemQrNGtZCkZDUElSSk1TczF5ckwxaGVYelhxK1Bjc1R4TnpMRGtwVkUrZHRXaUtMNHlVdGRhS2xuaU9WWEYwUXFKVGx5T2YKcXZxendRS0NBUUJPZm9UWGFQUWs2b2NHSkNUTVJxUGxMQnE2bVd2K3NYRUZPZW42YUc4d040WHlGU3d6SkJJcQpwYjAvRjZTNytvRXBwcDNYdHg0ZXREQU0rcDY2WldqRkZLdSt4K29HbjBBQjdZV0VSQW8vSlBWbTJpd01saEo0CkVXZ0ZpZDkyVEwxSXJkZFI4YitzQjJ1WHVzbUFHdURnRG9OdFRjWm04QUoyazFNb2FOWVY5NVBnanU2YkxRaWgKSGg2YkYwRGcwcFdnZlBhRlBBT0c2cHA4aUZUaXdrSWlsKzRPNm84bVIzNXlwTTJTUG5ROENQNHAxTHQ4a1RaMQo1OFlDbkNvN29zaURBaUE4WGs5Yk5ITjhsQ2xZTHpqWjM0R0xvQXV4VDVXa3hFRjRBRExvd2JVSUhYMUJ2VkhyCjE3SnlNTG5FSDRmaG5LZzV3MFZLMVF6VkZsOG1vSEZCQW9JQkFGZTB2cFEydW8yWC9nZ1UxVVRIMXl4MlNnOE8KcXZTcnNrejM2QkMrVHZEcU5BZGdDZERab3Urc3IxTGk2bmQxcXhsVzlUSFhZTVZIZ0Mwb2hEeDNyaDlVMjYrWAp5SmR2RkFWbitPQlBBekdGbDJ6K200eTZXazNUbzBGTVJYOHhsL0pVTVlOZ2kwYWJFbmkvT0VIbDJTUUp5b055CjRTVkNYT1NSeGRocGZRdmI3c1dhWmwwQnhBdzAxTTVZRERadVdVTEYwbmFUNTBIUjROSWdkYmxqNFNOZDcwNTMKNVY1TFFkTzhWOGJuak14dGVONm11M1daZWpTa0ZPVGswWmFTTDlBVC9ZeW1lV3BhMm5oNlhTTWpiWFJqZWJvbgpGSkpJYVVYWmlZUFVKdHdFL1hsNk1ZQkhYSjM4TlplY3RkRzczK0dSaFJwYitpU1psYk84R2lna0taQT0KLS0tLS1FTkQgUlNBIFBSSVZBVEUgS0VZLS0tLS0K\n    token: f1b65ad53c94c4bf2c33ab25457603bafe043b39ee55aeb36756cccbd6bdb03c446d7c9d4be46a288ebfd69734a2bcce4d4d79658b7a520816b02c2de68fb570\n",
            "kube_config": [
              {
                "client_certificate": "",
                "client_key": "",
                "cluster_ca_certificate": "LS0tLS1CRUdJTiBDRVJUSUZJQ0FURS0tLS0tCk1JSUU2RENDQXRDZ0F3SUJBZ0lRQ2p0SVFhUkpJcFJ4SVgwbjhkdURQekFOQmdrcWhraUc5dzBCQVFzRkFEQU4KTVFzd0NRWURWUVFERXdKallUQWdGdzB5TWpBM01Ua3hNVFU1TWpCYUdBOHlNRFV5TURjeE9URXlNRGt5TUZvdwpEVEVMTUFrR0ExVUVBeE1DWTJFd2dnSWlNQTBHQ1NxR1NJYjNEUUVCQVFVQUE0SUNEd0F3Z2dJS0FvSUNBUURJCkxYTWg1RjY1YzRBMUYyZzdqdTcwNlRSQ20wa3d4ektBbWRyRGM1YThSWGIrQmVDajA4ZDBoeU9MY3pObEhzeG4KQ3IvUjJIbUxMVXk1S3BmaWdpbmdRUHlrRWk5ODR2WXRJcWtVQy9jdStLU0ZtdFpYMTNjVmVmOSt6Q0JOR2xVRAo4K1dJT1czVnJhTmNmWlJwRy82bU82S2NHaHhwQmRpd2ZwWFY1aGZZUGlwMHZxeG4rRFdPZUVhQmp4b0ZBUGlxCkJQdDNPVCtDUTFZaktVd0d0VVovbGl5c0pxazM0ODBzRExrSFo3ZmtzZlV5SjlWOGxBZXh2eGhaMTRmK3ErcEIKZk5QRGRqbEJDYytvOEl2Y2xtSmRaR1pDMzAxeW5SV2x6a3Axb2xzVktCVlNiY3BFNnEydXlDSE1ta3ZZL2Q4UQo5WlkwT0hvWFZ5VER5aVEzQW9zREpOd0g4eUU1dGkxbUJxSjN3RW5UQWxuTUdEWDVEMmdIS1dBR1JEV050MlhrCmhCSFVmOHlmWkp0NUxPTmcxdU85TVB1MlJPRXBuK1VwSWkxYnMyTVVtK3Q3Y2NqbWMyLzE1TTZBdkRkNEZPY3oKMUFwc2F2NFRnT1phZ01mOTN3WHo3bE13enB3R1djSU9YNldTVnNIeTBIdWJZdWNrQmRaZVMvaW5paDZsZFFqbgo0dFdpUGg3SFFPbzV5d2RQOXZWNEEza0c3RUo2cGlpMUpuTG9xWWk3Q3AvTzkvREpocEtheXdIQ1ppZHFqTGVmCjNQMGVraWtiYTBiRGZwTkE1MXFFd3c4Sk50NHk0b1NCU0pGTC9mNzRHa2VINTY5ZmkvQ2d2QXpDSldCYTdiTW0KMitCajcyT2JoZm14U3RvaWVtL1lXQ3IxbzA1VHpCOTVRRTgyTzZBWEFRSURBUUFCbzBJd1FEQU9CZ05WSFE4QgpBZjhFQkFNQ0FxUXdEd1lEVlIwVEFRSC9CQVV3QXdFQi96QWRCZ05WSFE0RUZnUVVGTjJwSXhrak44SGlSUjgrCmdxQnBPRXNkMWNvd0RRWUpLb1pJaHZjTkFRRUxCUUFEZ2dJQkFDN0R2Y2Z4U2NwaGRYU1ZaNWZQWFBCUklQSSsKK2tIczZocDQ0dVIvOGR4Q3F4WkhBcXZHeXZsRGI2b0JkWHQ1S2VHZVBHM0FUVVVzSFg0czJFSGdNL2ZDbUMrVQpGOFBlVHI3UDVySzNCdklpaXJkTmhzbjZtZDZJUHAxdmdFNmxMUm1tQ1BTYVh4SUU2bnNiODJmMXUzRTZUazhUCjZuV25ob21rWmNUOXlRdE9CVXNub0c3UkpJRTdTY2xPeUFOMkNpVVdnaHIvVWdOM1UwUVAzTHEzUUpDWGRZUkEKSXk4dVI2MnIyeXZkWU1Rc3FOSmZpN3ZXODJZN2dXNzdHVmRubTFJdjladC9jaHA0NXZRUUdLb1h6eWw2bmVqRQpoSFA0aGcwaXdkUmFwS09WWUI3V3dBZVgrN1ZaMkh2NmkvRSt5a3d0L2IwQ2FkYXN6NExOZzZWZkxEbWt5TTBFClVmMktFQTRGVm9XSk5rVC8xNjZrQ0hmNDNZY0ZVUTJ0Y0s0N3VxRTVxSHFHOVZGQ2VjSmNwcXZaUndQRzZUUzEKaEpPbmtBSEpTUU5vTm91TkRwOHBncGlkUFZxRXFEUDNTMUtBQk1wNWQ3MXJyQkJOVGhISkowT1FEbGwrNmROZgpxNXd1ZHJnWHl5OExKR3FmaHJNS2JycWh6dDJBK0tSWVd5TUJOV2JuNzFTMkkwVTZGY1Q3MUkreWQrYjRudkpzClhpTnkrTDhFeFIxMC9XaHpJR2xMazVwNUkrY1pLNFhIR3hSNERKbUFDL2xuZ0NoS00vZVhOdWVzajhPZzFscTcKRVIyYnhZQk5aZkh1T1hzMThRbnpTcmJOdk0zditTSkhCMjkyeTMyT1NSSDdRUXdiTGZJcjlxRmdJWEkxbWtieApkcElLeExIR3pacVRRYjdTCi0tLS0tRU5EIENFUlRJRklDQVRFLS0tLS0K",
                "host": "https://aks-fn-rg-cluster-800e8556.hcp.westeurope.azmk8s.io:443",
                "password": "",
                "username": "clusterUser_aks-fn-rg_aks-fn-rg-cluster"
              }
            ],
            "kube_config_raw": "apiVersion: v1\nclusters:\n- cluster:\n    certificate-authority-data: LS0tLS1CRUdJTiBDRVJUSUZJQ0FURS0tLS0tCk1JSUU2RENDQXRDZ0F3SUJBZ0lRQ2p0SVFhUkpJcFJ4SVgwbjhkdURQekFOQmdrcWhraUc5dzBCQVFzRkFEQU4KTVFzd0NRWURWUVFERXdKallUQWdGdzB5TWpBM01Ua3hNVFU1TWpCYUdBOHlNRFV5TURjeE9URXlNRGt5TUZvdwpEVEVMTUFrR0ExVUVBeE1DWTJFd2dnSWlNQTBHQ1NxR1NJYjNEUUVCQVFVQUE0SUNEd0F3Z2dJS0FvSUNBUURJCkxYTWg1RjY1YzRBMUYyZzdqdTcwNlRSQ20wa3d4ektBbWRyRGM1YThSWGIrQmVDajA4ZDBoeU9MY3pObEhzeG4KQ3IvUjJIbUxMVXk1S3BmaWdpbmdRUHlrRWk5ODR2WXRJcWtVQy9jdStLU0ZtdFpYMTNjVmVmOSt6Q0JOR2xVRAo4K1dJT1czVnJhTmNmWlJwRy82bU82S2NHaHhwQmRpd2ZwWFY1aGZZUGlwMHZxeG4rRFdPZUVhQmp4b0ZBUGlxCkJQdDNPVCtDUTFZaktVd0d0VVovbGl5c0pxazM0ODBzRExrSFo3ZmtzZlV5SjlWOGxBZXh2eGhaMTRmK3ErcEIKZk5QRGRqbEJDYytvOEl2Y2xtSmRaR1pDMzAxeW5SV2x6a3Axb2xzVktCVlNiY3BFNnEydXlDSE1ta3ZZL2Q4UQo5WlkwT0hvWFZ5VER5aVEzQW9zREpOd0g4eUU1dGkxbUJxSjN3RW5UQWxuTUdEWDVEMmdIS1dBR1JEV050MlhrCmhCSFVmOHlmWkp0NUxPTmcxdU85TVB1MlJPRXBuK1VwSWkxYnMyTVVtK3Q3Y2NqbWMyLzE1TTZBdkRkNEZPY3oKMUFwc2F2NFRnT1phZ01mOTN3WHo3bE13enB3R1djSU9YNldTVnNIeTBIdWJZdWNrQmRaZVMvaW5paDZsZFFqbgo0dFdpUGg3SFFPbzV5d2RQOXZWNEEza0c3RUo2cGlpMUpuTG9xWWk3Q3AvTzkvREpocEtheXdIQ1ppZHFqTGVmCjNQMGVraWtiYTBiRGZwTkE1MXFFd3c4Sk50NHk0b1NCU0pGTC9mNzRHa2VINTY5ZmkvQ2d2QXpDSldCYTdiTW0KMitCajcyT2JoZm14U3RvaWVtL1lXQ3IxbzA1VHpCOTVRRTgyTzZBWEFRSURBUUFCbzBJd1FEQU9CZ05WSFE4QgpBZjhFQkFNQ0FxUXdEd1lEVlIwVEFRSC9CQVV3QXdFQi96QWRCZ05WSFE0RUZnUVVGTjJwSXhrak44SGlSUjgrCmdxQnBPRXNkMWNvd0RRWUpLb1pJaHZjTkFRRUxCUUFEZ2dJQkFDN0R2Y2Z4U2NwaGRYU1ZaNWZQWFBCUklQSSsKK2tIczZocDQ0dVIvOGR4Q3F4WkhBcXZHeXZsRGI2b0JkWHQ1S2VHZVBHM0FUVVVzSFg0czJFSGdNL2ZDbUMrVQpGOFBlVHI3UDVySzNCdklpaXJkTmhzbjZtZDZJUHAxdmdFNmxMUm1tQ1BTYVh4SUU2bnNiODJmMXUzRTZUazhUCjZuV25ob21rWmNUOXlRdE9CVXNub0c3UkpJRTdTY2xPeUFOMkNpVVdnaHIvVWdOM1UwUVAzTHEzUUpDWGRZUkEKSXk4dVI2MnIyeXZkWU1Rc3FOSmZpN3ZXODJZN2dXNzdHVmRubTFJdjladC9jaHA0NXZRUUdLb1h6eWw2bmVqRQpoSFA0aGcwaXdkUmFwS09WWUI3V3dBZVgrN1ZaMkh2NmkvRSt5a3d0L2IwQ2FkYXN6NExOZzZWZkxEbWt5TTBFClVmMktFQTRGVm9XSk5rVC8xNjZrQ0hmNDNZY0ZVUTJ0Y0s0N3VxRTVxSHFHOVZGQ2VjSmNwcXZaUndQRzZUUzEKaEpPbmtBSEpTUU5vTm91TkRwOHBncGlkUFZxRXFEUDNTMUtBQk1wNWQ3MXJyQkJOVGhISkowT1FEbGwrNmROZgpxNXd1ZHJnWHl5OExKR3FmaHJNS2JycWh6dDJBK0tSWVd5TUJOV2JuNzFTMkkwVTZGY1Q3MUkreWQrYjRudkpzClhpTnkrTDhFeFIxMC9XaHpJR2xMazVwNUkrY1pLNFhIR3hSNERKbUFDL2xuZ0NoS00vZVhOdWVzajhPZzFscTcKRVIyYnhZQk5aZkh1T1hzMThRbnpTcmJOdk0zditTSkhCMjkyeTMyT1NSSDdRUXdiTGZJcjlxRmdJWEkxbWtieApkcElLeExIR3pacVRRYjdTCi0tLS0tRU5EIENFUlRJRklDQVRFLS0tLS0K\n    server: https://aks-fn-rg-cluster-800e8556.hcp.westeurope.azmk8s.io:443\n  name: aks-fn-rg-cluster\ncontexts:\n- context:\n    cluster: aks-fn-rg-cluster\n    user: clusterUser_aks-fn-rg_aks-fn-rg-cluster\n  name: aks-fn-rg-cluster\ncurrent-context: aks-fn-rg-cluster\nkind: Config\npreferences: {}\nusers:\n- name: clusterUser_aks-fn-rg_aks-fn-rg-cluster\n  user:\n    auth-provider:\n      config:\n        apiserver-id: 6dae42f8-4368-4678-94ff-3960e28e3630\n        client-id: 80faf920-1908-4b52-b5ef-a8e7bedfc67a\n        config-mode: \"1\"\n        environment: AzurePublicCloud\n        tenant-id: f23347b4-a5b1-471b-9ec3-7f005401ea81\n      name: azure\n",
            "kubelet_identity": [
              {
                "client_id": "4a8e3471-f1dd-46b8-bf9d-f1d37007143b",
                "object_id": "751ca847-d759-43ba-918e-8e9d16fcc8d3",
                "user_assigned_identity_id": "/subscriptions/4ca28a33-5abc-45b9-bc8c-6a99bc61b4fc/resourceGroups/aks-fn-rg-nrg/providers/Microsoft.ManagedIdentity/userAssignedIdentities/aks-fn-rg-cluster-agentpool"
              }
            ],
            "kubernetes_version": "1.23.8",
            "linux_profile": [
              {
                "admin_username": "ubuntu",
                "ssh_key": [
                  {
                    "key_data": "ssh-rsa AAAAB3NzaC1yc2EAAAADAQABAAACAQDQv7uXLpJC34jRIg0Y8U1NcMxT2kR5/qPb+Xe89YLW8Uvb1IWBx9tMxbc6YxpHzr7Edt6onExRIaA6PieGXviSiKsEW9KLGUAqBT/P9hM+sbCcbmcAHeORdA4pJf0WiG8+r/vGgHNyYoxde6RnULHDNRCpvzT08qYv1L+rX1JKHBNj/poK0fVmk9v2I26W71LKXUPlUcV6H7lOKVUAVbuMXKhN9Ta+ibzxH2cgpp6ILC3Ami1xIkiZvvWqYL4Hhx6Pu3lX6DQF2eeeA2mm48IBxiLsRuog6t0bHAxoU9TuhH3d/RORYWgF8xitzzMYul+q0hkFIJflz6LSSs5zloIoPX17Md0uoZC1jrSsTNjTfWSakyg63q7Rgm6H3pWysZXxYNLfTY/OpGBXROEnGCTLWSl2ReCk3Cs2rNdknT+H9s1xhtjKKwelC2mH+5kueUwnP0+h+WchmgueyOexk1gA4KMU8cnhoHdca0xq0o7tTkUHST4s5gyPOe4qXq/qNk8/+t2h0E05Istpvn9P9SZw9wqO7I7kAoBg7z4THwZwgTko7pEBJyttnA/je+8b0Z58v1hVWLBH98hSsLFtJYeXMQGWlVj8ki1np8AW3l1TETK0gvzuRiVoZ88YBDN4v3dYgeR0C1YHiDc1phwQjJNldniifWWJIPOOtX0WRso5kw== devopsleaner@gmail.com\r\n"
                  }
                ]
              }
            ],
            "local_account_disabled": false,
            "location": "westeurope",
            "maintenance_window": [],
            "name": "aks-fn-rg-cluster",
            "network_profile": [
              {
                "dns_service_ip": "10.0.0.10",
                "docker_bridge_cidr": "172.17.0.1/16",
                "load_balancer_profile": [
                  {
                    "effective_outbound_ips": [
                      "/subscriptions/4ca28a33-5abc-45b9-bc8c-6a99bc61b4fc/resourceGroups/aks-fn-rg-nrg/providers/Microsoft.Network/publicIPAddresses/7437af66-f42a-4e84-a761-2d0f693b511d"
                    ],
                    "idle_timeout_in_minutes": 0,
                    "managed_outbound_ip_count": 1,
                    "outbound_ip_address_ids": [],
                    "outbound_ip_prefix_ids": [],
                    "outbound_ports_allocated": 0
                  }
                ],
                "load_balancer_sku": "standard",
                "nat_gateway_profile": [],
                "network_mode": "",
                "network_plugin": "azure",
                "network_policy": "",
                "outbound_type": "loadBalancer",
                "pod_cidr": "",
                "service_cidr": "10.0.0.0/16"
              }
            ],
            "node_resource_group": "aks-fn-rg-nrg",
            "oms_agent": [
              {
                "log_analytics_workspace_id": "/subscriptions/4ca28a33-5abc-45b9-bc8c-6a99bc61b4fc/resourceGroups/aks-fn-rg/providers/Microsoft.OperationalInsights/workspaces/arun-aks-fn-demo-logs-insight",
                "oms_agent_identity": [
                  {
                    "client_id": "4b9ff82b-9c3e-4cae-9cfb-e1d0710ebf99",
                    "object_id": "85bf3fee-a582-4a20-a334-1ab225ff97fa",
                    "user_assigned_identity_id": "/subscriptions/4ca28a33-5abc-45b9-bc8c-6a99bc61b4fc/resourcegroups/aks-fn-rg-nrg/providers/Microsoft.ManagedIdentity/userAssignedIdentities/omsagent-aks-fn-rg-cluster"
                  }
                ]
              }
            ],
            "open_service_mesh_enabled": false,
            "portal_fqdn": "aks-fn-rg-cluster-800e8556.portal.hcp.westeurope.azmk8s.io",
            "private_cluster_enabled": false,
            "private_cluster_public_fqdn_enabled": false,
            "private_dns_zone_id": "",
            "private_fqdn": "",
            "private_link_enabled": false,
            "public_network_access_enabled": true,
            "resource_group_name": "aks-fn-rg",
            "role_based_access_control": [
              {
                "azure_active_directory": [
                  {
                    "admin_group_object_ids": [
                      "69961efc-66be-4f6f-9b2b-7d55f9d91840"
                    ],
                    "azure_rbac_enabled": false,
                    "client_app_id": "",
                    "managed": true,
                    "server_app_id": "",
                    "server_app_secret": "",
                    "tenant_id": "f23347b4-a5b1-471b-9ec3-7f005401ea81"
                  }
                ],
                "enabled": true
              }
            ],
            "role_based_access_control_enabled": true,
            "service_principal": [],
            "sku_tier": "Free",
            "tags": {
              "Environment": "dev"
            },
            "timeouts": null,
            "windows_profile": [
              {
                "admin_password": "4iX$pI3#*3jmR*",
                "admin_username": "azureuser",
                "license": ""
              }
            ]
          },
          "sensitive_attributes": [],
          "private": "eyJlMmJmYjczMC1lY2FhLTExZTYtOGY4OC0zNDM2M2JjN2M0YzAiOnsiY3JlYXRlIjo1NDAwMDAwMDAwMDAwLCJkZWxldGUiOjU0MDAwMDAwMDAwMDAsInJlYWQiOjMwMDAwMDAwMDAwMCwidXBkYXRlIjo1NDAwMDAwMDAwMDAwfSwic2NoZW1hX3ZlcnNpb24iOiIyIn0=",
          "dependencies": [
            "azuread_group.aks_administrators",
            "azurerm_log_analytics_workspace.insights",
            "azurerm_resource_group.aks-fn-rg",
            "data.azurerm_kubernetes_service_versions.current"
          ]
        }
      ]
    },
    {
      "mode": "managed",
      "type": "azurerm_log_analytics_workspace",
      "name": "insights",
      "provider": "provider[\"registry.terraform.io/hashicorp/azurerm\"]",
      "instances": [
        {
          "schema_version": 2,
          "attributes": {
            "daily_quota_gb": -1,
            "id": "/subscriptions/4ca28a33-5abc-45b9-bc8c-6a99bc61b4fc/resourceGroups/aks-fn-rg/providers/Microsoft.OperationalInsights/workspaces/arun-aks-fn-demo-logs-insight",
            "internet_ingestion_enabled": true,
            "internet_query_enabled": true,
            "location": "westeurope",
            "name": "arun-aks-fn-demo-logs-insight",
            "portal_url": "",
            "primary_shared_key": "VWkDxBsj83Btr+UGUhaOOyCbQiWLV7aMb1cOHInxirMBHWk5YD2caS0vSh8Yr3rg5768xg8wJRu6w5f/voW69A==",
            "reservation_capacity_in_gb_per_day": null,
            "reservation_capcity_in_gb_per_day": null,
            "resource_group_name": "aks-fn-rg",
            "retention_in_days": 30,
            "secondary_shared_key": "R6AZPNiND4oYDAO/YdKiFPo4UCvYn0pT4rl6WlK60R4xlEka0AnGr8q7T6s05oGlYbATX0N+rHyHnHxwzPig0Q==",
            "sku": "PerGB2018",
            "tags": {},
            "timeouts": null,
            "workspace_id": "abdbb906-6d59-473b-ae3b-e4bd7c559bca"
          },
          "sensitive_attributes": [],
          "private": "eyJlMmJmYjczMC1lY2FhLTExZTYtOGY4OC0zNDM2M2JjN2M0YzAiOnsiY3JlYXRlIjoxODAwMDAwMDAwMDAwLCJkZWxldGUiOjE4MDAwMDAwMDAwMDAsInJlYWQiOjMwMDAwMDAwMDAwMCwidXBkYXRlIjoxODAwMDAwMDAwMDAwfSwic2NoZW1hX3ZlcnNpb24iOiIyIn0=",
          "dependencies": [
            "azurerm_resource_group.aks-fn-rg"
          ]
        }
      ]
    },
    {
      "mode": "managed",
      "type": "azurerm_resource_group",
      "name": "aks-fn-rg",
      "provider": "provider[\"registry.terraform.io/hashicorp/azurerm\"]",
      "instances": [
        {
          "schema_version": 0,
          "attributes": {
            "id": "/subscriptions/4ca28a33-5abc-45b9-bc8c-6a99bc61b4fc/resourceGroups/aks-fn-rg",
            "location": "westeurope",
            "name": "aks-fn-rg",
            "tags": {},
            "timeouts": null
          },
          "sensitive_attributes": [],
          "private": "eyJlMmJmYjczMC1lY2FhLTExZTYtOGY4OC0zNDM2M2JjN2M0YzAiOnsiY3JlYXRlIjo1NDAwMDAwMDAwMDAwLCJkZWxldGUiOjU0MDAwMDAwMDAwMDAsInJlYWQiOjMwMDAwMDAwMDAwMCwidXBkYXRlIjo1NDAwMDAwMDAwMDAwfX0="
        }
      ]
    },
    {
      "mode": "managed",
      "type": "azurerm_storage_account",
      "name": "aks_fn_rg_sa",
      "provider": "provider[\"registry.terraform.io/hashicorp/azurerm\"]",
      "instances": [
        {
          "schema_version": 2,
          "attributes": {
            "access_tier": "Hot",
            "account_kind": "StorageV2",
            "account_replication_type": "LRS",
            "account_tier": "Standard",
            "allow_blob_public_access": false,
            "azure_files_authentication": [],
            "blob_properties": [
              {
                "change_feed_enabled": false,
                "container_delete_retention_policy": [],
                "cors_rule": [],
                "default_service_version": "",
                "delete_retention_policy": [],
                "last_access_time_enabled": false,
                "versioning_enabled": false
              }
            ],
            "custom_domain": [],
            "customer_managed_key": [],
            "enable_https_traffic_only": true,
            "id": "/subscriptions/4ca28a33-5abc-45b9-bc8c-6a99bc61b4fc/resourceGroups/aks-fn-rg/providers/Microsoft.Storage/storageAccounts/arunaksfndemofnsa",
            "identity": [],
            "infrastructure_encryption_enabled": false,
            "is_hns_enabled": false,
            "large_file_share_enabled": null,
            "location": "westeurope",
            "min_tls_version": "TLS1_0",
            "name": "arunaksfndemofnsa",
            "network_rules": [
              {
                "bypass": [
                  "AzureServices"
                ],
                "default_action": "Allow",
                "ip_rules": [],
                "private_link_access": [],
                "virtual_network_subnet_ids": []
              }
            ],
            "nfsv3_enabled": false,
            "primary_access_key": "Ck4tkoVHmPIKwPSGklIBjgUqlBAhH7Q489MSr0vijp7mQNrP2tXxvkASyb8vUuXH0QpovM54j7Jz+AStIEeHIw==",
            "primary_blob_connection_string": "DefaultEndpointsProtocol=https;BlobEndpoint=https://arunaksfndemofnsa.blob.core.windows.net/;AccountName=arunaksfndemofnsa;AccountKey=Ck4tkoVHmPIKwPSGklIBjgUqlBAhH7Q489MSr0vijp7mQNrP2tXxvkASyb8vUuXH0QpovM54j7Jz+AStIEeHIw==",
            "primary_blob_endpoint": "https://arunaksfndemofnsa.blob.core.windows.net/",
            "primary_blob_host": "arunaksfndemofnsa.blob.core.windows.net",
            "primary_connection_string": "DefaultEndpointsProtocol=https;AccountName=arunaksfndemofnsa;AccountKey=Ck4tkoVHmPIKwPSGklIBjgUqlBAhH7Q489MSr0vijp7mQNrP2tXxvkASyb8vUuXH0QpovM54j7Jz+AStIEeHIw==;EndpointSuffix=core.windows.net",
            "primary_dfs_endpoint": "https://arunaksfndemofnsa.dfs.core.windows.net/",
            "primary_dfs_host": "arunaksfndemofnsa.dfs.core.windows.net",
            "primary_file_endpoint": "https://arunaksfndemofnsa.file.core.windows.net/",
            "primary_file_host": "arunaksfndemofnsa.file.core.windows.net",
            "primary_location": "westeurope",
            "primary_queue_endpoint": "https://arunaksfndemofnsa.queue.core.windows.net/",
            "primary_queue_host": "arunaksfndemofnsa.queue.core.windows.net",
            "primary_table_endpoint": "https://arunaksfndemofnsa.table.core.windows.net/",
            "primary_table_host": "arunaksfndemofnsa.table.core.windows.net",
            "primary_web_endpoint": "https://arunaksfndemofnsa.z6.web.core.windows.net/",
            "primary_web_host": "arunaksfndemofnsa.z6.web.core.windows.net",
            "queue_encryption_key_type": "Service",
            "queue_properties": [
              {
                "cors_rule": [],
                "hour_metrics": [
                  {
                    "enabled": true,
                    "include_apis": true,
                    "retention_policy_days": 7,
                    "version": "1.0"
                  }
                ],
                "logging": [
                  {
                    "delete": false,
                    "read": false,
                    "retention_policy_days": 0,
                    "version": "1.0",
                    "write": false
                  }
                ],
                "minute_metrics": [
                  {
                    "enabled": false,
                    "include_apis": false,
                    "retention_policy_days": 0,
                    "version": "1.0"
                  }
                ]
              }
            ],
            "resource_group_name": "aks-fn-rg",
            "routing": [],
            "secondary_access_key": "EOUxtElDorqCO+tL05RzA1Fz3Bq8fiJ646X94HejAogbEcNrx0j1mlPlXE44j+gzXfpbjouA5CAB+AStMg7TjQ==",
            "secondary_blob_connection_string": "",
            "secondary_blob_endpoint": null,
            "secondary_blob_host": null,
            "secondary_connection_string": "DefaultEndpointsProtocol=https;AccountName=arunaksfndemofnsa;AccountKey=EOUxtElDorqCO+tL05RzA1Fz3Bq8fiJ646X94HejAogbEcNrx0j1mlPlXE44j+gzXfpbjouA5CAB+AStMg7TjQ==;EndpointSuffix=core.windows.net",
            "secondary_dfs_endpoint": null,
            "secondary_dfs_host": null,
            "secondary_file_endpoint": null,
            "secondary_file_host": null,
            "secondary_location": "",
            "secondary_queue_endpoint": null,
            "secondary_queue_host": null,
            "secondary_table_endpoint": null,
            "secondary_table_host": null,
            "secondary_web_endpoint": null,
            "secondary_web_host": null,
            "share_properties": [
              {
                "cors_rule": [],
                "retention_policy": [
                  {
                    "days": 7
                  }
                ],
                "smb": []
              }
            ],
            "shared_access_key_enabled": true,
            "static_website": [],
            "table_encryption_key_type": "Service",
            "tags": {},
            "timeouts": null
          },
          "sensitive_attributes": [],
          "private": "eyJlMmJmYjczMC1lY2FhLTExZTYtOGY4OC0zNDM2M2JjN2M0YzAiOnsiY3JlYXRlIjozNjAwMDAwMDAwMDAwLCJkZWxldGUiOjM2MDAwMDAwMDAwMDAsInJlYWQiOjMwMDAwMDAwMDAwMCwidXBkYXRlIjozNjAwMDAwMDAwMDAwfSwic2NoZW1hX3ZlcnNpb24iOiIyIn0=",
          "dependencies": [
            "azurerm_resource_group.aks-fn-rg"
          ]
        }
      ]
    },
    {
      "mode": "managed",
      "type": "azurerm_storage_account",
      "name": "aks_fn_rg_static_site",
      "provider": "provider[\"registry.terraform.io/hashicorp/azurerm\"]",
      "instances": [
        {
          "schema_version": 2,
          "attributes": {
            "access_tier": "Hot",
            "account_kind": "StorageV2",
            "account_replication_type": "LRS",
            "account_tier": "Standard",
            "allow_blob_public_access": false,
            "azure_files_authentication": [],
            "blob_properties": [
              {
                "change_feed_enabled": false,
                "container_delete_retention_policy": [],
                "cors_rule": [],
                "default_service_version": "",
                "delete_retention_policy": [],
                "last_access_time_enabled": false,
                "versioning_enabled": false
              }
            ],
            "custom_domain": [],
            "customer_managed_key": [],
            "enable_https_traffic_only": true,
            "id": "/subscriptions/4ca28a33-5abc-45b9-bc8c-6a99bc61b4fc/resourceGroups/aks-fn-rg/providers/Microsoft.Storage/storageAccounts/arunfuncclientappsa",
            "identity": [],
            "infrastructure_encryption_enabled": false,
            "is_hns_enabled": false,
            "large_file_share_enabled": null,
            "location": "westeurope",
            "min_tls_version": "TLS1_0",
            "name": "arunfuncclientappsa",
            "network_rules": [
              {
                "bypass": [
                  "AzureServices"
                ],
                "default_action": "Allow",
                "ip_rules": [],
                "private_link_access": [],
                "virtual_network_subnet_ids": []
              }
            ],
            "nfsv3_enabled": false,
            "primary_access_key": "1o9Uhx5q4sT8JIMNQz55wmZKT8lPyiESQoMsbfIc4PfKAw/cXXsGFZ9z8nLEO/nVn5ux8B0T7U6G+AStNAk5BQ==",
            "primary_blob_connection_string": "DefaultEndpointsProtocol=https;BlobEndpoint=https://arunfuncclientappsa.blob.core.windows.net/;AccountName=arunfuncclientappsa;AccountKey=1o9Uhx5q4sT8JIMNQz55wmZKT8lPyiESQoMsbfIc4PfKAw/cXXsGFZ9z8nLEO/nVn5ux8B0T7U6G+AStNAk5BQ==",
            "primary_blob_endpoint": "https://arunfuncclientappsa.blob.core.windows.net/",
            "primary_blob_host": "arunfuncclientappsa.blob.core.windows.net",
            "primary_connection_string": "DefaultEndpointsProtocol=https;AccountName=arunfuncclientappsa;AccountKey=1o9Uhx5q4sT8JIMNQz55wmZKT8lPyiESQoMsbfIc4PfKAw/cXXsGFZ9z8nLEO/nVn5ux8B0T7U6G+AStNAk5BQ==;EndpointSuffix=core.windows.net",
            "primary_dfs_endpoint": "https://arunfuncclientappsa.dfs.core.windows.net/",
            "primary_dfs_host": "arunfuncclientappsa.dfs.core.windows.net",
            "primary_file_endpoint": "https://arunfuncclientappsa.file.core.windows.net/",
            "primary_file_host": "arunfuncclientappsa.file.core.windows.net",
            "primary_location": "westeurope",
            "primary_queue_endpoint": "https://arunfuncclientappsa.queue.core.windows.net/",
            "primary_queue_host": "arunfuncclientappsa.queue.core.windows.net",
            "primary_table_endpoint": "https://arunfuncclientappsa.table.core.windows.net/",
            "primary_table_host": "arunfuncclientappsa.table.core.windows.net",
            "primary_web_endpoint": "https://arunfuncclientappsa.z6.web.core.windows.net/",
            "primary_web_host": "arunfuncclientappsa.z6.web.core.windows.net",
            "queue_encryption_key_type": "Service",
            "queue_properties": [
              {
                "cors_rule": [],
                "hour_metrics": [
                  {
                    "enabled": true,
                    "include_apis": true,
                    "retention_policy_days": 7,
                    "version": "1.0"
                  }
                ],
                "logging": [
                  {
                    "delete": false,
                    "read": false,
                    "retention_policy_days": 0,
                    "version": "1.0",
                    "write": false
                  }
                ],
                "minute_metrics": [
                  {
                    "enabled": false,
                    "include_apis": false,
                    "retention_policy_days": 0,
                    "version": "1.0"
                  }
                ]
              }
            ],
            "resource_group_name": "aks-fn-rg",
            "routing": [],
            "secondary_access_key": "LMAuWzZH586Duc5lh0bnjRshVGWDrVxd8Z4is1ul6AtSExy/8TCSiTizLqbgKZyk06/ptnoLMJUL+AStYGYExA==",
            "secondary_blob_connection_string": "",
            "secondary_blob_endpoint": null,
            "secondary_blob_host": null,
            "secondary_connection_string": "DefaultEndpointsProtocol=https;AccountName=arunfuncclientappsa;AccountKey=LMAuWzZH586Duc5lh0bnjRshVGWDrVxd8Z4is1ul6AtSExy/8TCSiTizLqbgKZyk06/ptnoLMJUL+AStYGYExA==;EndpointSuffix=core.windows.net",
            "secondary_dfs_endpoint": null,
            "secondary_dfs_host": null,
            "secondary_file_endpoint": null,
            "secondary_file_host": null,
            "secondary_location": "",
            "secondary_queue_endpoint": null,
            "secondary_queue_host": null,
            "secondary_table_endpoint": null,
            "secondary_table_host": null,
            "secondary_web_endpoint": null,
            "secondary_web_host": null,
            "share_properties": [
              {
                "cors_rule": [],
                "retention_policy": [
                  {
                    "days": 7
                  }
                ],
                "smb": []
              }
            ],
            "shared_access_key_enabled": true,
            "static_website": [
              {
                "error_404_document": "",
                "index_document": "index.html"
              }
            ],
            "table_encryption_key_type": "Service",
            "tags": {},
            "timeouts": null
          },
          "sensitive_attributes": [],
          "private": "eyJlMmJmYjczMC1lY2FhLTExZTYtOGY4OC0zNDM2M2JjN2M0YzAiOnsiY3JlYXRlIjozNjAwMDAwMDAwMDAwLCJkZWxldGUiOjM2MDAwMDAwMDAwMDAsInJlYWQiOjMwMDAwMDAwMDAwMCwidXBkYXRlIjozNjAwMDAwMDAwMDAwfSwic2NoZW1hX3ZlcnNpb24iOiIyIn0=",
          "dependencies": [
            "azurerm_resource_group.aks-fn-rg"
          ]
        }
      ]
    },
    {
      "mode": "managed",
      "type": "azurerm_storage_blob",
      "name": "arun-func-clientapp-blob",
      "provider": "provider[\"registry.terraform.io/hashicorp/azurerm\"]",
      "instances": [
        {
          "schema_version": 1,
          "attributes": {
            "access_tier": "Hot",
            "cache_control": "",
            "content_md5": "",
            "content_type": "text/html",
            "id": "https://arunfuncclientappsa.blob.core.windows.net/$web/index.html",
            "metadata": {},
            "name": "index.html",
            "parallelism": 8,
            "size": 0,
            "source": null,
            "source_content": "\u003ch1\u003eThis is static content coming from the Terraform\u003c/h1\u003e",
            "source_uri": null,
            "storage_account_name": "arunfuncclientappsa",
            "storage_container_name": "$web",
            "timeouts": null,
            "type": "Block",
            "url": "https://arunfuncclientappsa.blob.core.windows.net/$web/index.html"
          },
          "sensitive_attributes": [],
          "private": "eyJlMmJmYjczMC1lY2FhLTExZTYtOGY4OC0zNDM2M2JjN2M0YzAiOnsiY3JlYXRlIjoxODAwMDAwMDAwMDAwLCJkZWxldGUiOjE4MDAwMDAwMDAwMDAsInJlYWQiOjMwMDAwMDAwMDAwMCwidXBkYXRlIjoxODAwMDAwMDAwMDAwfSwic2NoZW1hX3ZlcnNpb24iOiIxIn0=",
          "dependencies": [
            "azurerm_resource_group.aks-fn-rg",
            "azurerm_storage_account.aks_fn_rg_static_site"
          ]
        }
      ]
    },
    {
      "mode": "managed",
      "type": "random_pet",
      "name": "aksrandom",
      "provider": "provider[\"registry.terraform.io/hashicorp/random\"]",
      "instances": [
        {
          "schema_version": 0,
          "attributes": {
            "id": "locally-equally-legally-directly-wildly-vaguely-complete-shark",
            "keepers": null,
            "length": 8,
            "prefix": null,
            "separator": "-"
          },
          "sensitive_attributes": [],
          "private": "bnVsbA=="
        }
      ]
    }
  ]
}
